{
  "pins" : [
    {
      "identity" : "cwlcatchexception",
      "kind" : "remoteSourceControl",
      "location" : "https://github.com/mattgallagher/CwlCatchException.git",
      "state" : {
        "revision" : "3ef6999c73b6938cc0da422f2c912d0158abb0a0",
        "version" : "2.2.0"
      }
    },
    {
      "identity" : "cwlpreconditiontesting",
      "kind" : "remoteSourceControl",
      "location" : "https://github.com/mattgallagher/CwlPreconditionTesting.git",
      "state" : {
        "revision" : "2ef56b2caf25f55fa7eef8784c30d5a767550f54",
        "version" : "2.2.1"
      }
    },
    {
      "identity" : "motion",
      "kind" : "remoteSourceControl",
      "location" : "https://github.com/b3ll/Motion",
      "state" : {
        "branch" : "main",
        "revision" : "533e148d5f239cbdc5ad6b91b7c32b94bc005981"
      }
    },
    {
      "identity" : "swift-collections",
      "kind" : "remoteSourceControl",
      "location" : "https://github.com/apple/swift-collections.git",
      "state" : {
        "revision" : "94cf62b3ba8d4bed62680a282d4c25f9c63c2efb",
        "version" : "1.1.0"
      }
    },
    {
      "identity" : "swift-numerics",
      "kind" : "remoteSourceControl",
      "location" : "https://github.com/apple/swift-numerics",
      "state" : {
        "revision" : "0a5bc04095a675662cf24757cc0640aa2204253b",
        "version" : "1.0.2"
      }
    },
    {
      "identity" : "tree",
      "kind" : "remoteSourceControl",
      "location" : "https://github.com/dnadoba/Tree",
      "state" : {
        "branch" : "main",
        "revision" : "bfc39ec9e3537c47a5004c27c0ffdbc1c2a0c64e"
      }
    },
    {
      "identity" : "tree-sitter",
      "kind" : "remoteSourceControl",
      "location" : "https://github.com/simonbs/tree-sitter",
      "state" : {
        "revision" : "f88ae4ebe351d8aa99c31a17111607017d805118",
        "version" : "0.20.9-beta-1"
      }
    },
    {
      "identity" : "tree-sitter-c",
      "kind" : "remoteSourceControl",
      "location" : "https://github.com/tree-sitter/tree-sitter-c",
      "state" : {
        "revision" : "a2b7bac3b313efbaa683d9a276ff63cdc544d960",
        "version" : "0.20.6"
      }
    }
  ],
  "version" : 2
}
