// !$*UTF8*$!
{
	archiveVersion = 1;
	classes = {
	};
	objectVersion = 56;
	objects = {

/* Begin PBXBuildFile section */
		63286AE22A13DF5D00839B25 /* ClipView.swift in Sources */ = {isa = PBXBuildFile; fileRef = 63286AE12A13DF5D00839B25 /* ClipView.swift */; };
		6346D1952A06EC2900CFB7EE /* TextContainer.swift in Sources */ = {isa = PBXBuildFile; fileRef = 6346D1942A06EC2900CFB7EE /* TextContainer.swift */; };
		6372888C29FD8E19005B95E5 /* AppDelegate.swift in Sources */ = {isa = PBXBuildFile; fileRef = 6372888B29FD8E19005B95E5 /* AppDelegate.swift */; };
		6372888E29FD8E19005B95E5 /* Document.swift in Sources */ = {isa = PBXBuildFile; fileRef = 6372888D29FD8E19005B95E5 /* Document.swift */; };
		6372889329FD8E1A005B95E5 /* Assets.xcassets in Resources */ = {isa = PBXBuildFile; fileRef = 6372889229FD8E1A005B95E5 /* Assets.xcassets */; };
		6372889629FD8E1A005B95E5 /* MainMenu.xib in Resources */ = {isa = PBXBuildFile; fileRef = 6372889429FD8E1A005B95E5 /* MainMenu.xib */; };
		637288A229FD8E1A005B95E5 /* LRUCacheTests.swift in Sources */ = {isa = PBXBuildFile; fileRef = 637288A129FD8E1A005B95E5 /* LRUCacheTests.swift */; };
		637288AC29FD8E1A005B95E5 /* WattUITests.swift in Sources */ = {isa = PBXBuildFile; fileRef = 637288AB29FD8E1A005B95E5 /* WattUITests.swift */; };
		637288AE29FD8E1A005B95E5 /* WattUITestsLaunchTests.swift in Sources */ = {isa = PBXBuildFile; fileRef = 637288AD29FD8E1A005B95E5 /* WattUITestsLaunchTests.swift */; };
		637867712A17F7460039960E /* TextView+Selection.swift in Sources */ = {isa = PBXBuildFile; fileRef = 637867702A17F7460039960E /* TextView+Selection.swift */; };
		637BC1302A1400C60089A34D /* TextStorageContentManager.swift in Sources */ = {isa = PBXBuildFile; fileRef = 637BC12F2A1400C60089A34D /* TextStorageContentManager.swift */; };
		637BC1322A151F5F0089A34D /* Selection.swift in Sources */ = {isa = PBXBuildFile; fileRef = 637BC1312A151F5F0089A34D /* Selection.swift */; };
		637BC1362A154B5E0089A34D /* TextLayerLayout.swift in Sources */ = {isa = PBXBuildFile; fileRef = 637BC1352A154B5E0089A34D /* TextLayerLayout.swift */; };
		637BC1382A1558480089A34D /* TextLayerLayoutDelegate.swift in Sources */ = {isa = PBXBuildFile; fileRef = 637BC1372A1558480089A34D /* TextLayerLayoutDelegate.swift */; };
		637BC13C2A155D200089A34D /* LayoutFragmentRenderer.swift in Sources */ = {isa = PBXBuildFile; fileRef = 637BC13B2A155D200089A34D /* LayoutFragmentRenderer.swift */; };
		637BC13E2A155DFE0089A34D /* CALayer+Extensions.swift in Sources */ = {isa = PBXBuildFile; fileRef = 637BC13D2A155DFE0089A34D /* CALayer+Extensions.swift */; };
		637BC1402A15603A0089A34D /* SelectionLayerLayout.swift in Sources */ = {isa = PBXBuildFile; fileRef = 637BC13F2A15603A0089A34D /* SelectionLayerLayout.swift */; };
		637BC1422A156B620089A34D /* CGRect+Extensions.swift in Sources */ = {isa = PBXBuildFile; fileRef = 637BC1412A156B620089A34D /* CGRect+Extensions.swift */; };
		637BC1442A156B820089A34D /* CGPoint+Extensions.swift in Sources */ = {isa = PBXBuildFile; fileRef = 637BC1432A156B820089A34D /* CGPoint+Extensions.swift */; };
		637BC1462A156B9B0089A34D /* CGSize+Extensions.swift in Sources */ = {isa = PBXBuildFile; fileRef = 637BC1452A156B9B0089A34D /* CGSize+Extensions.swift */; };
		63A618622A0C3AE200E70B0E /* Moby Dick.txt in Resources */ = {isa = PBXBuildFile; fileRef = 63A618612A0C3AE200E70B0E /* Moby Dick.txt */; };
		63A618662A0D3B9D00E70B0E /* HeightEstimates.swift in Sources */ = {isa = PBXBuildFile; fileRef = 63A618652A0D3B9D00E70B0E /* HeightEstimates.swift */; };
		63A618682A0D657A00E70B0E /* LayoutManagerDelegate.swift in Sources */ = {isa = PBXBuildFile; fileRef = 63A618672A0D657A00E70B0E /* LayoutManagerDelegate.swift */; };
		63A6186E2A0D901600E70B0E /* TextContentManager.swift in Sources */ = {isa = PBXBuildFile; fileRef = 63A6186D2A0D901600E70B0E /* TextContentManager.swift */; };
		63A618702A0E94F900E70B0E /* FragmentCache.swift in Sources */ = {isa = PBXBuildFile; fileRef = 63A6186F2A0E94F900E70B0E /* FragmentCache.swift */; };
		63A618722A0EAF2000E70B0E /* WeakDictionary.swift in Sources */ = {isa = PBXBuildFile; fileRef = 63A618712A0EAF2000E70B0E /* WeakDictionary.swift */; };
		63A618742A0EC37700E70B0E /* LineNumberView.swift in Sources */ = {isa = PBXBuildFile; fileRef = 63A618732A0EC37700E70B0E /* LineNumberView.swift */; };
		63A618762A0FD61B00E70B0E /* TextView+LineNumbers.swift in Sources */ = {isa = PBXBuildFile; fileRef = 63A618752A0FD61B00E70B0E /* TextView+LineNumbers.swift */; };
		63B61A1229FD965800787BB9 /* WindowController.swift in Sources */ = {isa = PBXBuildFile; fileRef = 63B61A1129FD965800787BB9 /* WindowController.swift */; };
		63B61A1429FD9E1D00787BB9 /* TextViewController.swift in Sources */ = {isa = PBXBuildFile; fileRef = 63B61A1329FD9E1D00787BB9 /* TextViewController.swift */; };
		63B61A1629FDA2B800787BB9 /* TextView.swift in Sources */ = {isa = PBXBuildFile; fileRef = 63B61A1529FDA2B800787BB9 /* TextView.swift */; };
		63B61A1A29FDA62D00787BB9 /* AttributedStringContentManager.swift in Sources */ = {isa = PBXBuildFile; fileRef = 63B61A1929FDA62D00787BB9 /* AttributedStringContentManager.swift */; };
		63B61A1C29FDA9FB00787BB9 /* LayoutManager.swift in Sources */ = {isa = PBXBuildFile; fileRef = 63B61A1B29FDA9FB00787BB9 /* LayoutManager.swift */; };
		63B61A2029FDAE0400787BB9 /* TextView+Layout.swift in Sources */ = {isa = PBXBuildFile; fileRef = 63B61A1F29FDAE0400787BB9 /* TextView+Layout.swift */; };
		63B61A2229FDB09600787BB9 /* LayoutFragment.swift in Sources */ = {isa = PBXBuildFile; fileRef = 63B61A2129FDB09600787BB9 /* LayoutFragment.swift */; };
		63B61A2429FDB63F00787BB9 /* TextElement.swift in Sources */ = {isa = PBXBuildFile; fileRef = 63B61A2329FDB63F00787BB9 /* TextElement.swift */; };
		63B863CB2A1315020082B4A6 /* LineNumberRenderer.swift in Sources */ = {isa = PBXBuildFile; fileRef = 63B863CA2A1315020082B4A6 /* LineNumberRenderer.swift */; };
		63DB4F3A29FF1A0800B97B39 /* NonAnimatingLayer.swift in Sources */ = {isa = PBXBuildFile; fileRef = 63DB4F3929FF1A0800B97B39 /* NonAnimatingLayer.swift */; };
		63DB4F3E2A00763300B97B39 /* LineFragment.swift in Sources */ = {isa = PBXBuildFile; fileRef = 63DB4F3D2A00763300B97B39 /* LineFragment.swift */; };
		63EDFA222A0FE44F00220860 /* LineNumberViewDelegate.swift in Sources */ = {isa = PBXBuildFile; fileRef = 63EDFA212A0FE44F00220860 /* LineNumberViewDelegate.swift */; };
		63EDFA242A0FF04500220860 /* LRUCache.swift in Sources */ = {isa = PBXBuildFile; fileRef = 63EDFA232A0FF04500220860 /* LRUCache.swift */; };
/* End PBXBuildFile section */

/* Begin PBXContainerItemProxy section */
		6372889E29FD8E1A005B95E5 /* PBXContainerItemProxy */ = {
			isa = PBXContainerItemProxy;
			containerPortal = 6372888029FD8E19005B95E5 /* Project object */;
			proxyType = 1;
			remoteGlobalIDString = 6372888729FD8E19005B95E5;
			remoteInfo = Watt;
		};
		637288A829FD8E1A005B95E5 /* PBXContainerItemProxy */ = {
			isa = PBXContainerItemProxy;
			containerPortal = 6372888029FD8E19005B95E5 /* Project object */;
			proxyType = 1;
			remoteGlobalIDString = 6372888729FD8E19005B95E5;
			remoteInfo = Watt;
		};
/* End PBXContainerItemProxy section */

/* Begin PBXFileReference section */
		63286AE12A13DF5D00839B25 /* ClipView.swift */ = {isa = PBXFileReference; lastKnownFileType = sourcecode.swift; path = ClipView.swift; sourceTree = "<group>"; };
		6346D1942A06EC2900CFB7EE /* TextContainer.swift */ = {isa = PBXFileReference; lastKnownFileType = sourcecode.swift; path = TextContainer.swift; sourceTree = "<group>"; };
		6372888829FD8E19005B95E5 /* Watt.app */ = {isa = PBXFileReference; explicitFileType = wrapper.application; includeInIndex = 0; path = Watt.app; sourceTree = BUILT_PRODUCTS_DIR; };
		6372888B29FD8E19005B95E5 /* AppDelegate.swift */ = {isa = PBXFileReference; lastKnownFileType = sourcecode.swift; path = AppDelegate.swift; sourceTree = "<group>"; };
		6372888D29FD8E19005B95E5 /* Document.swift */ = {isa = PBXFileReference; lastKnownFileType = sourcecode.swift; path = Document.swift; sourceTree = "<group>"; };
		6372889229FD8E1A005B95E5 /* Assets.xcassets */ = {isa = PBXFileReference; lastKnownFileType = folder.assetcatalog; path = Assets.xcassets; sourceTree = "<group>"; };
		6372889529FD8E1A005B95E5 /* Base */ = {isa = PBXFileReference; lastKnownFileType = file.xib; name = Base; path = Base.lproj/MainMenu.xib; sourceTree = "<group>"; };
		6372889729FD8E1A005B95E5 /* Info.plist */ = {isa = PBXFileReference; lastKnownFileType = text.plist.xml; path = Info.plist; sourceTree = "<group>"; };
		6372889829FD8E1A005B95E5 /* Watt.entitlements */ = {isa = PBXFileReference; lastKnownFileType = text.plist.entitlements; path = Watt.entitlements; sourceTree = "<group>"; };
		6372889D29FD8E1A005B95E5 /* WattTests.xctest */ = {isa = PBXFileReference; explicitFileType = wrapper.cfbundle; includeInIndex = 0; path = WattTests.xctest; sourceTree = BUILT_PRODUCTS_DIR; };
		637288A129FD8E1A005B95E5 /* LRUCacheTests.swift */ = {isa = PBXFileReference; lastKnownFileType = sourcecode.swift; path = LRUCacheTests.swift; sourceTree = "<group>"; };
		637288A729FD8E1A005B95E5 /* WattUITests.xctest */ = {isa = PBXFileReference; explicitFileType = wrapper.cfbundle; includeInIndex = 0; path = WattUITests.xctest; sourceTree = BUILT_PRODUCTS_DIR; };
		637288AB29FD8E1A005B95E5 /* WattUITests.swift */ = {isa = PBXFileReference; lastKnownFileType = sourcecode.swift; path = WattUITests.swift; sourceTree = "<group>"; };
		637288AD29FD8E1A005B95E5 /* WattUITestsLaunchTests.swift */ = {isa = PBXFileReference; lastKnownFileType = sourcecode.swift; path = WattUITestsLaunchTests.swift; sourceTree = "<group>"; };
		637288BA29FD9002005B95E5 /* Watt.xcconfig */ = {isa = PBXFileReference; lastKnownFileType = text.xcconfig; path = Watt.xcconfig; sourceTree = "<group>"; };
		637288BB29FD9069005B95E5 /* .gitignore */ = {isa = PBXFileReference; lastKnownFileType = text; path = .gitignore; sourceTree = "<group>"; };
		637288BC29FD9084005B95E5 /* Developer.xcconfig */ = {isa = PBXFileReference; lastKnownFileType = text.xcconfig; path = Developer.xcconfig; sourceTree = "<group>"; };
		637867702A17F7460039960E /* TextView+Selection.swift */ = {isa = PBXFileReference; lastKnownFileType = sourcecode.swift; path = "TextView+Selection.swift"; sourceTree = "<group>"; };
		637BC12F2A1400C60089A34D /* TextStorageContentManager.swift */ = {isa = PBXFileReference; lastKnownFileType = sourcecode.swift; path = TextStorageContentManager.swift; sourceTree = "<group>"; };
		637BC1312A151F5F0089A34D /* Selection.swift */ = {isa = PBXFileReference; lastKnownFileType = sourcecode.swift; path = Selection.swift; sourceTree = "<group>"; };
		637BC1352A154B5E0089A34D /* TextLayerLayout.swift */ = {isa = PBXFileReference; fileEncoding = 4; lastKnownFileType = sourcecode.swift; path = TextLayerLayout.swift; sourceTree = "<group>"; };
		637BC1372A1558480089A34D /* TextLayerLayoutDelegate.swift */ = {isa = PBXFileReference; lastKnownFileType = sourcecode.swift; path = TextLayerLayoutDelegate.swift; sourceTree = "<group>"; };
		637BC13B2A155D200089A34D /* LayoutFragmentRenderer.swift */ = {isa = PBXFileReference; lastKnownFileType = sourcecode.swift; path = LayoutFragmentRenderer.swift; sourceTree = "<group>"; };
		637BC13D2A155DFE0089A34D /* CALayer+Extensions.swift */ = {isa = PBXFileReference; lastKnownFileType = sourcecode.swift; path = "CALayer+Extensions.swift"; sourceTree = "<group>"; };
		637BC13F2A15603A0089A34D /* SelectionLayerLayout.swift */ = {isa = PBXFileReference; lastKnownFileType = sourcecode.swift; path = SelectionLayerLayout.swift; sourceTree = "<group>"; };
		637BC1412A156B620089A34D /* CGRect+Extensions.swift */ = {isa = PBXFileReference; lastKnownFileType = sourcecode.swift; path = "CGRect+Extensions.swift"; sourceTree = "<group>"; };
		637BC1432A156B820089A34D /* CGPoint+Extensions.swift */ = {isa = PBXFileReference; lastKnownFileType = sourcecode.swift; path = "CGPoint+Extensions.swift"; sourceTree = "<group>"; };
		637BC1452A156B9B0089A34D /* CGSize+Extensions.swift */ = {isa = PBXFileReference; lastKnownFileType = sourcecode.swift; path = "CGSize+Extensions.swift"; sourceTree = "<group>"; };
		63A618612A0C3AE200E70B0E /* Moby Dick.txt */ = {isa = PBXFileReference; fileEncoding = 4; lastKnownFileType = text; path = "Moby Dick.txt"; sourceTree = "<group>"; };
		63A618652A0D3B9D00E70B0E /* HeightEstimates.swift */ = {isa = PBXFileReference; lastKnownFileType = sourcecode.swift; path = HeightEstimates.swift; sourceTree = "<group>"; };
		63A618672A0D657A00E70B0E /* LayoutManagerDelegate.swift */ = {isa = PBXFileReference; lastKnownFileType = sourcecode.swift; path = LayoutManagerDelegate.swift; sourceTree = "<group>"; };
		63A6186D2A0D901600E70B0E /* TextContentManager.swift */ = {isa = PBXFileReference; lastKnownFileType = sourcecode.swift; path = TextContentManager.swift; sourceTree = "<group>"; };
		63A6186F2A0E94F900E70B0E /* FragmentCache.swift */ = {isa = PBXFileReference; lastKnownFileType = sourcecode.swift; path = FragmentCache.swift; sourceTree = "<group>"; };
		63A618712A0EAF2000E70B0E /* WeakDictionary.swift */ = {isa = PBXFileReference; lastKnownFileType = sourcecode.swift; path = WeakDictionary.swift; sourceTree = "<group>"; };
		63A618732A0EC37700E70B0E /* LineNumberView.swift */ = {isa = PBXFileReference; lastKnownFileType = sourcecode.swift; path = LineNumberView.swift; sourceTree = "<group>"; };
		63A618752A0FD61B00E70B0E /* TextView+LineNumbers.swift */ = {isa = PBXFileReference; lastKnownFileType = sourcecode.swift; path = "TextView+LineNumbers.swift"; sourceTree = "<group>"; };
		63B61A1129FD965800787BB9 /* WindowController.swift */ = {isa = PBXFileReference; lastKnownFileType = sourcecode.swift; path = WindowController.swift; sourceTree = "<group>"; };
		63B61A1329FD9E1D00787BB9 /* TextViewController.swift */ = {isa = PBXFileReference; lastKnownFileType = sourcecode.swift; path = TextViewController.swift; sourceTree = "<group>"; };
		63B61A1529FDA2B800787BB9 /* TextView.swift */ = {isa = PBXFileReference; lastKnownFileType = sourcecode.swift; path = TextView.swift; sourceTree = "<group>"; };
		63B61A1929FDA62D00787BB9 /* AttributedStringContentManager.swift */ = {isa = PBXFileReference; lastKnownFileType = sourcecode.swift; path = AttributedStringContentManager.swift; sourceTree = "<group>"; };
		63B61A1B29FDA9FB00787BB9 /* LayoutManager.swift */ = {isa = PBXFileReference; lastKnownFileType = sourcecode.swift; path = LayoutManager.swift; sourceTree = "<group>"; };
		63B61A1F29FDAE0400787BB9 /* TextView+Layout.swift */ = {isa = PBXFileReference; lastKnownFileType = sourcecode.swift; path = "TextView+Layout.swift"; sourceTree = "<group>"; };
		63B61A2129FDB09600787BB9 /* LayoutFragment.swift */ = {isa = PBXFileReference; lastKnownFileType = sourcecode.swift; path = LayoutFragment.swift; sourceTree = "<group>"; };
		63B61A2329FDB63F00787BB9 /* TextElement.swift */ = {isa = PBXFileReference; lastKnownFileType = sourcecode.swift; path = TextElement.swift; sourceTree = "<group>"; };
		63B863CA2A1315020082B4A6 /* LineNumberRenderer.swift */ = {isa = PBXFileReference; lastKnownFileType = sourcecode.swift; path = LineNumberRenderer.swift; sourceTree = "<group>"; };
		63DB4F3929FF1A0800B97B39 /* NonAnimatingLayer.swift */ = {isa = PBXFileReference; lastKnownFileType = sourcecode.swift; path = NonAnimatingLayer.swift; sourceTree = "<group>"; };
		63DB4F3D2A00763300B97B39 /* LineFragment.swift */ = {isa = PBXFileReference; lastKnownFileType = sourcecode.swift; path = LineFragment.swift; sourceTree = "<group>"; };
		63EDFA212A0FE44F00220860 /* LineNumberViewDelegate.swift */ = {isa = PBXFileReference; lastKnownFileType = sourcecode.swift; path = LineNumberViewDelegate.swift; sourceTree = "<group>"; };
		63EDFA232A0FF04500220860 /* LRUCache.swift */ = {isa = PBXFileReference; lastKnownFileType = sourcecode.swift; path = LRUCache.swift; sourceTree = "<group>"; };
/* End PBXFileReference section */

/* Begin PBXFrameworksBuildPhase section */
		6372888529FD8E19005B95E5 /* Frameworks */ = {
			isa = PBXFrameworksBuildPhase;
			buildActionMask = 2147483647;
			files = (
			);
			runOnlyForDeploymentPostprocessing = 0;
		};
		6372889A29FD8E1A005B95E5 /* Frameworks */ = {
			isa = PBXFrameworksBuildPhase;
			buildActionMask = 2147483647;
			files = (
			);
			runOnlyForDeploymentPostprocessing = 0;
		};
		637288A429FD8E1A005B95E5 /* Frameworks */ = {
			isa = PBXFrameworksBuildPhase;
			buildActionMask = 2147483647;
			files = (
			);
			runOnlyForDeploymentPostprocessing = 0;
		};
/* End PBXFrameworksBuildPhase section */

/* Begin PBXGroup section */
		6372887F29FD8E19005B95E5 = {
			isa = PBXGroup;
			children = (
				637288BA29FD9002005B95E5 /* Watt.xcconfig */,
				637288BB29FD9069005B95E5 /* .gitignore */,
				637288BC29FD9084005B95E5 /* Developer.xcconfig */,
				6372888A29FD8E19005B95E5 /* Watt */,
				637288A029FD8E1A005B95E5 /* WattTests */,
				637288AA29FD8E1A005B95E5 /* WattUITests */,
				6372888929FD8E19005B95E5 /* Products */,
			);
			sourceTree = "<group>";
		};
		6372888929FD8E19005B95E5 /* Products */ = {
			isa = PBXGroup;
			children = (
				6372888829FD8E19005B95E5 /* Watt.app */,
				6372889D29FD8E1A005B95E5 /* WattTests.xctest */,
				637288A729FD8E1A005B95E5 /* WattUITests.xctest */,
			);
			name = Products;
			sourceTree = "<group>";
		};
		6372888A29FD8E19005B95E5 /* Watt */ = {
			isa = PBXGroup;
			children = (
				6372889829FD8E1A005B95E5 /* Watt.entitlements */,
				6372889729FD8E1A005B95E5 /* Info.plist */,
				6372888B29FD8E19005B95E5 /* AppDelegate.swift */,
				63B61A1929FDA62D00787BB9 /* AttributedStringContentManager.swift */,
				637BC13D2A155DFE0089A34D /* CALayer+Extensions.swift */,
				637BC1432A156B820089A34D /* CGPoint+Extensions.swift */,
				637BC1412A156B620089A34D /* CGRect+Extensions.swift */,
				637BC1452A156B9B0089A34D /* CGSize+Extensions.swift */,
				63286AE12A13DF5D00839B25 /* ClipView.swift */,
				6372888D29FD8E19005B95E5 /* Document.swift */,
				63A6186F2A0E94F900E70B0E /* FragmentCache.swift */,
				63A618652A0D3B9D00E70B0E /* HeightEstimates.swift */,
				63B61A2129FDB09600787BB9 /* LayoutFragment.swift */,
				637BC13B2A155D200089A34D /* LayoutFragmentRenderer.swift */,
				63B61A1B29FDA9FB00787BB9 /* LayoutManager.swift */,
				63A618672A0D657A00E70B0E /* LayoutManagerDelegate.swift */,
				63DB4F3D2A00763300B97B39 /* LineFragment.swift */,
				63EDFA232A0FF04500220860 /* LRUCache.swift */,
				63DB4F3929FF1A0800B97B39 /* NonAnimatingLayer.swift */,
				637BC1312A151F5F0089A34D /* Selection.swift */,
				637BC13F2A15603A0089A34D /* SelectionLayerLayout.swift */,
				6346D1942A06EC2900CFB7EE /* TextContainer.swift */,
				63A6186D2A0D901600E70B0E /* TextContentManager.swift */,
				63B61A2329FDB63F00787BB9 /* TextElement.swift */,
				637BC1352A154B5E0089A34D /* TextLayerLayout.swift */,
				637BC1372A1558480089A34D /* TextLayerLayoutDelegate.swift */,
				637BC12F2A1400C60089A34D /* TextStorageContentManager.swift */,
				63B61A1529FDA2B800787BB9 /* TextView.swift */,
				63B61A1F29FDAE0400787BB9 /* TextView+Layout.swift */,
				63A618752A0FD61B00E70B0E /* TextView+LineNumbers.swift */,
				637867702A17F7460039960E /* TextView+Selection.swift */,
				63B61A1329FD9E1D00787BB9 /* TextViewController.swift */,
				63A618712A0EAF2000E70B0E /* WeakDictionary.swift */,
				63B61A1129FD965800787BB9 /* WindowController.swift */,
				63A618612A0C3AE200E70B0E /* Moby Dick.txt */,
				6372889229FD8E1A005B95E5 /* Assets.xcassets */,
				63B863C92A1314E50082B4A6 /* LineNumberView */,
				6372889429FD8E1A005B95E5 /* MainMenu.xib */,
			);
			path = Watt;
			sourceTree = "<group>";
		};
		637288A029FD8E1A005B95E5 /* WattTests */ = {
			isa = PBXGroup;
			children = (
				637288A129FD8E1A005B95E5 /* LRUCacheTests.swift */,
			);
			path = WattTests;
			sourceTree = "<group>";
		};
		637288AA29FD8E1A005B95E5 /* WattUITests */ = {
			isa = PBXGroup;
			children = (
				637288AB29FD8E1A005B95E5 /* WattUITests.swift */,
				637288AD29FD8E1A005B95E5 /* WattUITestsLaunchTests.swift */,
			);
			path = WattUITests;
			sourceTree = "<group>";
		};
		63B863C92A1314E50082B4A6 /* LineNumberView */ = {
			isa = PBXGroup;
			children = (
				63B863CA2A1315020082B4A6 /* LineNumberRenderer.swift */,
				63A618732A0EC37700E70B0E /* LineNumberView.swift */,
				63EDFA212A0FE44F00220860 /* LineNumberViewDelegate.swift */,
			);
			path = LineNumberView;
			sourceTree = "<group>";
		};
/* End PBXGroup section */

/* Begin PBXNativeTarget section */
		6372888729FD8E19005B95E5 /* Watt */ = {
			isa = PBXNativeTarget;
			buildConfigurationList = 637288B129FD8E1A005B95E5 /* Build configuration list for PBXNativeTarget "Watt" */;
			buildPhases = (
				6372888429FD8E19005B95E5 /* Sources */,
				6372888529FD8E19005B95E5 /* Frameworks */,
				6372888629FD8E19005B95E5 /* Resources */,
			);
			buildRules = (
			);
			dependencies = (
			);
			name = Watt;
			productName = Watt;
			productReference = 6372888829FD8E19005B95E5 /* Watt.app */;
			productType = "com.apple.product-type.application";
		};
		6372889C29FD8E1A005B95E5 /* WattTests */ = {
			isa = PBXNativeTarget;
			buildConfigurationList = 637288B429FD8E1A005B95E5 /* Build configuration list for PBXNativeTarget "WattTests" */;
			buildPhases = (
				6372889929FD8E1A005B95E5 /* Sources */,
				6372889A29FD8E1A005B95E5 /* Frameworks */,
				6372889B29FD8E1A005B95E5 /* Resources */,
			);
			buildRules = (
			);
			dependencies = (
				6372889F29FD8E1A005B95E5 /* PBXTargetDependency */,
			);
			name = WattTests;
			productName = WattTests;
			productReference = 6372889D29FD8E1A005B95E5 /* WattTests.xctest */;
			productType = "com.apple.product-type.bundle.unit-test";
		};
		637288A629FD8E1A005B95E5 /* WattUITests */ = {
			isa = PBXNativeTarget;
			buildConfigurationList = 637288B729FD8E1A005B95E5 /* Build configuration list for PBXNativeTarget "WattUITests" */;
			buildPhases = (
				637288A329FD8E1A005B95E5 /* Sources */,
				637288A429FD8E1A005B95E5 /* Frameworks */,
				637288A529FD8E1A005B95E5 /* Resources */,
			);
			buildRules = (
			);
			dependencies = (
				637288A929FD8E1A005B95E5 /* PBXTargetDependency */,
			);
			name = WattUITests;
			productName = WattUITests;
			productReference = 637288A729FD8E1A005B95E5 /* WattUITests.xctest */;
			productType = "com.apple.product-type.bundle.ui-testing";
		};
/* End PBXNativeTarget section */

/* Begin PBXProject section */
		6372888029FD8E19005B95E5 /* Project object */ = {
			isa = PBXProject;
			attributes = {
				BuildIndependentTargetsInParallel = 1;
				LastSwiftUpdateCheck = 1430;
				LastUpgradeCheck = 1430;
				TargetAttributes = {
					6372888729FD8E19005B95E5 = {
						CreatedOnToolsVersion = 14.3;
					};
					6372889C29FD8E1A005B95E5 = {
						CreatedOnToolsVersion = 14.3;
						TestTargetID = 6372888729FD8E19005B95E5;
					};
					637288A629FD8E1A005B95E5 = {
						CreatedOnToolsVersion = 14.3;
						TestTargetID = 6372888729FD8E19005B95E5;
					};
				};
			};
			buildConfigurationList = 6372888329FD8E19005B95E5 /* Build configuration list for PBXProject "Watt" */;
			compatibilityVersion = "Xcode 14.0";
			developmentRegion = en;
			hasScannedForEncodings = 0;
			knownRegions = (
				en,
				Base,
			);
			mainGroup = 6372887F29FD8E19005B95E5;
			productRefGroup = 6372888929FD8E19005B95E5 /* Products */;
			projectDirPath = "";
			projectRoot = "";
			targets = (
				6372888729FD8E19005B95E5 /* Watt */,
				6372889C29FD8E1A005B95E5 /* WattTests */,
				637288A629FD8E1A005B95E5 /* WattUITests */,
			);
		};
/* End PBXProject section */

/* Begin PBXResourcesBuildPhase section */
		6372888629FD8E19005B95E5 /* Resources */ = {
			isa = PBXResourcesBuildPhase;
			buildActionMask = 2147483647;
			files = (
				6372889329FD8E1A005B95E5 /* Assets.xcassets in Resources */,
				6372889629FD8E1A005B95E5 /* MainMenu.xib in Resources */,
				63A618622A0C3AE200E70B0E /* Moby Dick.txt in Resources */,
			);
			runOnlyForDeploymentPostprocessing = 0;
		};
		6372889B29FD8E1A005B95E5 /* Resources */ = {
			isa = PBXResourcesBuildPhase;
			buildActionMask = 2147483647;
			files = (
			);
			runOnlyForDeploymentPostprocessing = 0;
		};
		637288A529FD8E1A005B95E5 /* Resources */ = {
			isa = PBXResourcesBuildPhase;
			buildActionMask = 2147483647;
			files = (
			);
			runOnlyForDeploymentPostprocessing = 0;
		};
/* End PBXResourcesBuildPhase section */

/* Begin PBXSourcesBuildPhase section */
		6372888429FD8E19005B95E5 /* Sources */ = {
			isa = PBXSourcesBuildPhase;
			buildActionMask = 2147483647;
			files = (
				637BC1402A15603A0089A34D /* SelectionLayerLayout.swift in Sources */,
				637BC13E2A155DFE0089A34D /* CALayer+Extensions.swift in Sources */,
				6372888E29FD8E19005B95E5 /* Document.swift in Sources */,
				63286AE22A13DF5D00839B25 /* ClipView.swift in Sources */,
				63A618662A0D3B9D00E70B0E /* HeightEstimates.swift in Sources */,
				637BC1422A156B620089A34D /* CGRect+Extensions.swift in Sources */,
				63B61A2429FDB63F00787BB9 /* TextElement.swift in Sources */,
				637BC1442A156B820089A34D /* CGPoint+Extensions.swift in Sources */,
				63DB4F3A29FF1A0800B97B39 /* NonAnimatingLayer.swift in Sources */,
				6346D1952A06EC2900CFB7EE /* TextContainer.swift in Sources */,
				637BC1462A156B9B0089A34D /* CGSize+Extensions.swift in Sources */,
				63A618762A0FD61B00E70B0E /* TextView+LineNumbers.swift in Sources */,
				63B61A1C29FDA9FB00787BB9 /* LayoutManager.swift in Sources */,
				63B61A1429FD9E1D00787BB9 /* TextViewController.swift in Sources */,
				63B61A1229FD965800787BB9 /* WindowController.swift in Sources */,
				637BC1362A154B5E0089A34D /* TextLayerLayout.swift in Sources */,
				63A618702A0E94F900E70B0E /* FragmentCache.swift in Sources */,
				63A618722A0EAF2000E70B0E /* WeakDictionary.swift in Sources */,
				6372888C29FD8E19005B95E5 /* AppDelegate.swift in Sources */,
				63A618742A0EC37700E70B0E /* LineNumberView.swift in Sources */,
				63DB4F3E2A00763300B97B39 /* LineFragment.swift in Sources */,
				63A6186E2A0D901600E70B0E /* TextContentManager.swift in Sources */,
				63EDFA222A0FE44F00220860 /* LineNumberViewDelegate.swift in Sources */,
				63B61A2229FDB09600787BB9 /* LayoutFragment.swift in Sources */,
				63B61A2029FDAE0400787BB9 /* TextView+Layout.swift in Sources */,
				637867712A17F7460039960E /* TextView+Selection.swift in Sources */,
				637BC1302A1400C60089A34D /* TextStorageContentManager.swift in Sources */,
				63EDFA242A0FF04500220860 /* LRUCache.swift in Sources */,
				63B61A1A29FDA62D00787BB9 /* AttributedStringContentManager.swift in Sources */,
				63B61A1629FDA2B800787BB9 /* TextView.swift in Sources */,
				637BC1322A151F5F0089A34D /* Selection.swift in Sources */,
				637BC1382A1558480089A34D /* TextLayerLayoutDelegate.swift in Sources */,
				63B863CB2A1315020082B4A6 /* LineNumberRenderer.swift in Sources */,
				637BC13C2A155D200089A34D /* LayoutFragmentRenderer.swift in Sources */,
				63A618682A0D657A00E70B0E /* LayoutManagerDelegate.swift in Sources */,
			);
			runOnlyForDeploymentPostprocessing = 0;
		};
		6372889929FD8E1A005B95E5 /* Sources */ = {
			isa = PBXSourcesBuildPhase;
			buildActionMask = 2147483647;
			files = (
				637288A229FD8E1A005B95E5 /* LRUCacheTests.swift in Sources */,
			);
			runOnlyForDeploymentPostprocessing = 0;
		};
		637288A329FD8E1A005B95E5 /* Sources */ = {
			isa = PBXSourcesBuildPhase;
			buildActionMask = 2147483647;
			files = (
				637288AE29FD8E1A005B95E5 /* WattUITestsLaunchTests.swift in Sources */,
				637288AC29FD8E1A005B95E5 /* WattUITests.swift in Sources */,
			);
			runOnlyForDeploymentPostprocessing = 0;
		};
/* End PBXSourcesBuildPhase section */

/* Begin PBXTargetDependency section */
		6372889F29FD8E1A005B95E5 /* PBXTargetDependency */ = {
			isa = PBXTargetDependency;
			target = 6372888729FD8E19005B95E5 /* Watt */;
			targetProxy = 6372889E29FD8E1A005B95E5 /* PBXContainerItemProxy */;
		};
		637288A929FD8E1A005B95E5 /* PBXTargetDependency */ = {
			isa = PBXTargetDependency;
			target = 6372888729FD8E19005B95E5 /* Watt */;
			targetProxy = 637288A829FD8E1A005B95E5 /* PBXContainerItemProxy */;
		};
/* End PBXTargetDependency section */

/* Begin PBXVariantGroup section */
		6372889429FD8E1A005B95E5 /* MainMenu.xib */ = {
			isa = PBXVariantGroup;
			children = (
				6372889529FD8E1A005B95E5 /* Base */,
			);
			name = MainMenu.xib;
			sourceTree = "<group>";
		};
/* End PBXVariantGroup section */

/* Begin XCBuildConfiguration section */
		637288AF29FD8E1A005B95E5 /* Debug */ = {
			isa = XCBuildConfiguration;
			baseConfigurationReference = 637288BA29FD9002005B95E5 /* Watt.xcconfig */;
			buildSettings = {
				ALWAYS_SEARCH_USER_PATHS = NO;
				CLANG_ANALYZER_NONNULL = YES;
				CLANG_ANALYZER_NUMBER_OBJECT_CONVERSION = YES_AGGRESSIVE;
				CLANG_CXX_LANGUAGE_STANDARD = "gnu++20";
				CLANG_ENABLE_MODULES = YES;
				CLANG_ENABLE_OBJC_ARC = YES;
				CLANG_ENABLE_OBJC_WEAK = YES;
				CLANG_WARN_BLOCK_CAPTURE_AUTORELEASING = YES;
				CLANG_WARN_BOOL_CONVERSION = YES;
				CLANG_WARN_COMMA = YES;
				CLANG_WARN_CONSTANT_CONVERSION = YES;
				CLANG_WARN_DEPRECATED_OBJC_IMPLEMENTATIONS = YES;
				CLANG_WARN_DIRECT_OBJC_ISA_USAGE = YES_ERROR;
				CLANG_WARN_DOCUMENTATION_COMMENTS = YES;
				CLANG_WARN_EMPTY_BODY = YES;
				CLANG_WARN_ENUM_CONVERSION = YES;
				CLANG_WARN_INFINITE_RECURSION = YES;
				CLANG_WARN_INT_CONVERSION = YES;
				CLANG_WARN_NON_LITERAL_NULL_CONVERSION = YES;
				CLANG_WARN_OBJC_IMPLICIT_RETAIN_SELF = YES;
				CLANG_WARN_OBJC_LITERAL_CONVERSION = YES;
				CLANG_WARN_OBJC_ROOT_CLASS = YES_ERROR;
				CLANG_WARN_QUOTED_INCLUDE_IN_FRAMEWORK_HEADER = YES;
				CLANG_WARN_RANGE_LOOP_ANALYSIS = YES;
				CLANG_WARN_STRICT_PROTOTYPES = YES;
				CLANG_WARN_SUSPICIOUS_MOVE = YES;
				CLANG_WARN_UNGUARDED_AVAILABILITY = YES_AGGRESSIVE;
				CLANG_WARN_UNREACHABLE_CODE = YES;
				CLANG_WARN__DUPLICATE_METHOD_MATCH = YES;
				COPY_PHASE_STRIP = NO;
				DEBUG_INFORMATION_FORMAT = dwarf;
				ENABLE_STRICT_OBJC_MSGSEND = YES;
				ENABLE_TESTABILITY = YES;
				GCC_C_LANGUAGE_STANDARD = gnu11;
				GCC_DYNAMIC_NO_PIC = NO;
				GCC_NO_COMMON_BLOCKS = YES;
				GCC_OPTIMIZATION_LEVEL = 0;
				GCC_PREPROCESSOR_DEFINITIONS = (
					"DEBUG=1",
					"$(inherited)",
				);
				GCC_WARN_64_TO_32_BIT_CONVERSION = YES;
				GCC_WARN_ABOUT_RETURN_TYPE = YES_ERROR;
				GCC_WARN_UNDECLARED_SELECTOR = YES;
				GCC_WARN_UNINITIALIZED_AUTOS = YES_AGGRESSIVE;
				GCC_WARN_UNUSED_FUNCTION = YES;
				GCC_WARN_UNUSED_VARIABLE = YES;
				MACOSX_DEPLOYMENT_TARGET = 13.3;
				MTL_ENABLE_DEBUG_INFO = INCLUDE_SOURCE;
				MTL_FAST_MATH = YES;
				ONLY_ACTIVE_ARCH = YES;
				SDKROOT = macosx;
				SWIFT_ACTIVE_COMPILATION_CONDITIONS = DEBUG;
				SWIFT_OPTIMIZATION_LEVEL = "-Onone";
			};
			name = Debug;
		};
		637288B029FD8E1A005B95E5 /* Release */ = {
			isa = XCBuildConfiguration;
			baseConfigurationReference = 637288BA29FD9002005B95E5 /* Watt.xcconfig */;
			buildSettings = {
				ALWAYS_SEARCH_USER_PATHS = NO;
				CLANG_ANALYZER_NONNULL = YES;
				CLANG_ANALYZER_NUMBER_OBJECT_CONVERSION = YES_AGGRESSIVE;
				CLANG_CXX_LANGUAGE_STANDARD = "gnu++20";
				CLANG_ENABLE_MODULES = YES;
				CLANG_ENABLE_OBJC_ARC = YES;
				CLANG_ENABLE_OBJC_WEAK = YES;
				CLANG_WARN_BLOCK_CAPTURE_AUTORELEASING = YES;
				CLANG_WARN_BOOL_CONVERSION = YES;
				CLANG_WARN_COMMA = YES;
				CLANG_WARN_CONSTANT_CONVERSION = YES;
				CLANG_WARN_DEPRECATED_OBJC_IMPLEMENTATIONS = YES;
				CLANG_WARN_DIRECT_OBJC_ISA_USAGE = YES_ERROR;
				CLANG_WARN_DOCUMENTATION_COMMENTS = YES;
				CLANG_WARN_EMPTY_BODY = YES;
				CLANG_WARN_ENUM_CONVERSION = YES;
				CLANG_WARN_INFINITE_RECURSION = YES;
				CLANG_WARN_INT_CONVERSION = YES;
				CLANG_WARN_NON_LITERAL_NULL_CONVERSION = YES;
				CLANG_WARN_OBJC_IMPLICIT_RETAIN_SELF = YES;
				CLANG_WARN_OBJC_LITERAL_CONVERSION = YES;
				CLANG_WARN_OBJC_ROOT_CLASS = YES_ERROR;
				CLANG_WARN_QUOTED_INCLUDE_IN_FRAMEWORK_HEADER = YES;
				CLANG_WARN_RANGE_LOOP_ANALYSIS = YES;
				CLANG_WARN_STRICT_PROTOTYPES = YES;
				CLANG_WARN_SUSPICIOUS_MOVE = YES;
				CLANG_WARN_UNGUARDED_AVAILABILITY = YES_AGGRESSIVE;
				CLANG_WARN_UNREACHABLE_CODE = YES;
				CLANG_WARN__DUPLICATE_METHOD_MATCH = YES;
				COPY_PHASE_STRIP = NO;
				DEBUG_INFORMATION_FORMAT = "dwarf-with-dsym";
				ENABLE_NS_ASSERTIONS = NO;
				ENABLE_STRICT_OBJC_MSGSEND = YES;
				GCC_C_LANGUAGE_STANDARD = gnu11;
				GCC_NO_COMMON_BLOCKS = YES;
				GCC_WARN_64_TO_32_BIT_CONVERSION = YES;
				GCC_WARN_ABOUT_RETURN_TYPE = YES_ERROR;
				GCC_WARN_UNDECLARED_SELECTOR = YES;
				GCC_WARN_UNINITIALIZED_AUTOS = YES_AGGRESSIVE;
				GCC_WARN_UNUSED_FUNCTION = YES;
				GCC_WARN_UNUSED_VARIABLE = YES;
				MACOSX_DEPLOYMENT_TARGET = 13.3;
				MTL_ENABLE_DEBUG_INFO = NO;
				MTL_FAST_MATH = YES;
				SDKROOT = macosx;
				SWIFT_COMPILATION_MODE = wholemodule;
				SWIFT_OPTIMIZATION_LEVEL = "-O";
			};
			name = Release;
		};
		637288B229FD8E1A005B95E5 /* Debug */ = {
			isa = XCBuildConfiguration;
			buildSettings = {
				ASSETCATALOG_COMPILER_APPICON_NAME = AppIcon;
				ASSETCATALOG_COMPILER_GLOBAL_ACCENT_COLOR_NAME = AccentColor;
				CODE_SIGN_ENTITLEMENTS = Watt/Watt.entitlements;
				CODE_SIGN_STYLE = Automatic;
				COMBINE_HIDPI_IMAGES = YES;
				CURRENT_PROJECT_VERSION = 1;
				ENABLE_HARDENED_RUNTIME = YES;
				GENERATE_INFOPLIST_FILE = YES;
				INFOPLIST_FILE = Watt/Info.plist;
				INFOPLIST_KEY_NSHumanReadableCopyright = "";
				INFOPLIST_KEY_NSMainNibFile = MainMenu;
				INFOPLIST_KEY_NSPrincipalClass = NSApplication;
				LD_RUNPATH_SEARCH_PATHS = (
					"$(inherited)",
					"@executable_path/../Frameworks",
				);
				MARKETING_VERSION = 1.0;
				PRODUCT_BUNDLE_IDENTIFIER = is.dave.Watt;
				PRODUCT_NAME = "$(TARGET_NAME)";
				SWIFT_EMIT_LOC_STRINGS = YES;
				SWIFT_VERSION = 5.0;
			};
			name = Debug;
		};
		637288B329FD8E1A005B95E5 /* Release */ = {
			isa = XCBuildConfiguration;
			buildSettings = {
				ASSETCATALOG_COMPILER_APPICON_NAME = AppIcon;
				ASSETCATALOG_COMPILER_GLOBAL_ACCENT_COLOR_NAME = AccentColor;
				CODE_SIGN_ENTITLEMENTS = Watt/Watt.entitlements;
				CODE_SIGN_STYLE = Automatic;
				COMBINE_HIDPI_IMAGES = YES;
				CURRENT_PROJECT_VERSION = 1;
				ENABLE_HARDENED_RUNTIME = YES;
				GENERATE_INFOPLIST_FILE = YES;
				INFOPLIST_FILE = Watt/Info.plist;
				INFOPLIST_KEY_NSHumanReadableCopyright = "";
				INFOPLIST_KEY_NSMainNibFile = MainMenu;
				INFOPLIST_KEY_NSPrincipalClass = NSApplication;
				LD_RUNPATH_SEARCH_PATHS = (
					"$(inherited)",
					"@executable_path/../Frameworks",
				);
				MARKETING_VERSION = 1.0;
				PRODUCT_BUNDLE_IDENTIFIER = is.dave.Watt;
				PRODUCT_NAME = "$(TARGET_NAME)";
				SWIFT_EMIT_LOC_STRINGS = YES;
				SWIFT_VERSION = 5.0;
			};
			name = Release;
		};
		637288B529FD8E1A005B95E5 /* Debug */ = {
			isa = XCBuildConfiguration;
			buildSettings = {
				ALWAYS_EMBED_SWIFT_STANDARD_LIBRARIES = YES;
				BUNDLE_LOADER = "$(TEST_HOST)";
				CODE_SIGN_STYLE = Automatic;
				CURRENT_PROJECT_VERSION = 1;
				GENERATE_INFOPLIST_FILE = YES;
				MACOSX_DEPLOYMENT_TARGET = 13.3;
				MARKETING_VERSION = 1.0;
				PRODUCT_BUNDLE_IDENTIFIER = is.dave.WattTests;
				PRODUCT_NAME = "$(TARGET_NAME)";
				SWIFT_EMIT_LOC_STRINGS = NO;
				SWIFT_VERSION = 5.0;
				TEST_HOST = "$(BUILT_PRODUCTS_DIR)/Watt.app/$(BUNDLE_EXECUTABLE_FOLDER_PATH)/Watt";
			};
			name = Debug;
		};
		637288B629FD8E1A005B95E5 /* Release */ = {
			isa = XCBuildConfiguration;
			buildSettings = {
				ALWAYS_EMBED_SWIFT_STANDARD_LIBRARIES = YES;
				BUNDLE_LOADER = "$(TEST_HOST)";
				CODE_SIGN_STYLE = Automatic;
				CURRENT_PROJECT_VERSION = 1;
				GENERATE_INFOPLIST_FILE = YES;
				MACOSX_DEPLOYMENT_TARGET = 13.3;
				MARKETING_VERSION = 1.0;
				PRODUCT_BUNDLE_IDENTIFIER = is.dave.WattTests;
				PRODUCT_NAME = "$(TARGET_NAME)";
				SWIFT_EMIT_LOC_STRINGS = NO;
				SWIFT_VERSION = 5.0;
				TEST_HOST = "$(BUILT_PRODUCTS_DIR)/Watt.app/$(BUNDLE_EXECUTABLE_FOLDER_PATH)/Watt";
			};
			name = Release;
		};
		637288B829FD8E1A005B95E5 /* Debug */ = {
			isa = XCBuildConfiguration;
			buildSettings = {
				ALWAYS_EMBED_SWIFT_STANDARD_LIBRARIES = YES;
				CODE_SIGN_STYLE = Automatic;
				CURRENT_PROJECT_VERSION = 1;
				GENERATE_INFOPLIST_FILE = YES;
				MARKETING_VERSION = 1.0;
				PRODUCT_BUNDLE_IDENTIFIER = is.dave.WattUITests;
				PRODUCT_NAME = "$(TARGET_NAME)";
				SWIFT_EMIT_LOC_STRINGS = NO;
				SWIFT_VERSION = 5.0;
				TEST_TARGET_NAME = Watt;
			};
			name = Debug;
		};
		637288B929FD8E1A005B95E5 /* Release */ = {
			isa = XCBuildConfiguration;
			buildSettings = {
				ALWAYS_EMBED_SWIFT_STANDARD_LIBRARIES = YES;
				CODE_SIGN_STYLE = Automatic;
				CURRENT_PROJECT_VERSION = 1;
				GENERATE_INFOPLIST_FILE = YES;
				MARKETING_VERSION = 1.0;
				PRODUCT_BUNDLE_IDENTIFIER = is.dave.WattUITests;
				PRODUCT_NAME = "$(TARGET_NAME)";
				SWIFT_EMIT_LOC_STRINGS = NO;
				SWIFT_VERSION = 5.0;
				TEST_TARGET_NAME = Watt;
			};
			name = Release;
		};
/* End XCBuildConfiguration section */

/* Begin XCConfigurationList section */
		6372888329FD8E19005B95E5 /* Build configuration list for PBXProject "Watt" */ = {
			isa = XCConfigurationList;
			buildConfigurations = (
				637288AF29FD8E1A005B95E5 /* Debug */,
				637288B029FD8E1A005B95E5 /* Release */,
			);
			defaultConfigurationIsVisible = 0;
			defaultConfigurationName = Release;
		};
		637288B129FD8E1A005B95E5 /* Build configuration list for PBXNativeTarget "Watt" */ = {
			isa = XCConfigurationList;
			buildConfigurations = (
				637288B229FD8E1A005B95E5 /* Debug */,
				637288B329FD8E1A005B95E5 /* Release */,
			);
			defaultConfigurationIsVisible = 0;
			defaultConfigurationName = Release;
		};
		637288B429FD8E1A005B95E5 /* Build configuration list for PBXNativeTarget "WattTests" */ = {
			isa = XCConfigurationList;
			buildConfigurations = (
				637288B529FD8E1A005B95E5 /* Debug */,
				637288B629FD8E1A005B95E5 /* Release */,
			);
			defaultConfigurationIsVisible = 0;
			defaultConfigurationName = Release;
		};
		637288B729FD8E1A005B95E5 /* Build configuration list for PBXNativeTarget "WattUITests" */ = {
			isa = XCConfigurationList;
			buildConfigurations = (
				637288B829FD8E1A005B95E5 /* Debug */,
				637288B929FD8E1A005B95E5 /* Release */,
			);
			defaultConfigurationIsVisible = 0;
			defaultConfigurationName = Release;
		};
/* End XCConfigurationList section */
	};
	rootObject = 6372888029FD8E19005B95E5 /* Project object */;
}
