// !$*UTF8*$!
{
	archiveVersion = 1;
	classes = {
	};
	objectVersion = 56;
	objects = {

/* Begin PBXBuildFile section */
		6315D2FE2A96630F00B8A077 /* SpansTests.swift in Sources */ = {isa = PBXBuildFile; fileRef = 6315D2FD2A96630F00B8A077 /* SpansTests.swift */; };
		6315D3002A9B769100B8A077 /* AttributedRope.swift in Sources */ = {isa = PBXBuildFile; fileRef = 6315D2FF2A9B769100B8A077 /* AttributedRope.swift */; };
		6315D3022A9BD00F00B8A077 /* AttributedRopeTests.swift in Sources */ = {isa = PBXBuildFile; fileRef = 6315D3012A9BD00F00B8A077 /* AttributedRopeTests.swift */; };
		631FD2652A696D27005FA854 /* Heights.swift in Sources */ = {isa = PBXBuildFile; fileRef = 631FD2642A696D27005FA854 /* Heights.swift */; };
		63286AE22A13DF5D00839B25 /* ClipView.swift in Sources */ = {isa = PBXBuildFile; fileRef = 63286AE12A13DF5D00839B25 /* ClipView.swift */; };
		6346D1952A06EC2900CFB7EE /* TextContainer.swift in Sources */ = {isa = PBXBuildFile; fileRef = 6346D1942A06EC2900CFB7EE /* TextContainer.swift */; };
		6372888C29FD8E19005B95E5 /* AppDelegate.swift in Sources */ = {isa = PBXBuildFile; fileRef = 6372888B29FD8E19005B95E5 /* AppDelegate.swift */; };
		6372888E29FD8E19005B95E5 /* Document.swift in Sources */ = {isa = PBXBuildFile; fileRef = 6372888D29FD8E19005B95E5 /* Document.swift */; };
		6372889329FD8E1A005B95E5 /* Assets.xcassets in Resources */ = {isa = PBXBuildFile; fileRef = 6372889229FD8E1A005B95E5 /* Assets.xcassets */; };
		6372889629FD8E1A005B95E5 /* MainMenu.xib in Resources */ = {isa = PBXBuildFile; fileRef = 6372889429FD8E1A005B95E5 /* MainMenu.xib */; };
		637288AC29FD8E1A005B95E5 /* WattUITests.swift in Sources */ = {isa = PBXBuildFile; fileRef = 637288AB29FD8E1A005B95E5 /* WattUITests.swift */; };
		637288AE29FD8E1A005B95E5 /* WattUITestsLaunchTests.swift in Sources */ = {isa = PBXBuildFile; fileRef = 637288AD29FD8E1A005B95E5 /* WattUITestsLaunchTests.swift */; };
		637867712A17F7460039960E /* TextView+Selection.swift in Sources */ = {isa = PBXBuildFile; fileRef = 637867702A17F7460039960E /* TextView+Selection.swift */; };
		637867732A1BD1E10039960E /* TextView+Events.swift in Sources */ = {isa = PBXBuildFile; fileRef = 637867722A1BD1E10039960E /* TextView+Events.swift */; };
		6378677B2A1BDF870039960E /* SelectionLayer.swift in Sources */ = {isa = PBXBuildFile; fileRef = 6378677A2A1BDF870039960E /* SelectionLayer.swift */; };
		6378677D2A1BE3FE0039960E /* LineNumberLayer.swift in Sources */ = {isa = PBXBuildFile; fileRef = 6378677C2A1BE3FE0039960E /* LineNumberLayer.swift */; };
		637867812A1BEA960039960E /* InsertionPointLayer.swift in Sources */ = {isa = PBXBuildFile; fileRef = 637867802A1BEA960039960E /* InsertionPointLayer.swift */; };
		637867832A1EC5B50039960E /* TextView+Input.swift in Sources */ = {isa = PBXBuildFile; fileRef = 637867822A1EC5B50039960E /* TextView+Input.swift */; };
		637867852A1EC6BB0039960E /* TextView+Actions.swift in Sources */ = {isa = PBXBuildFile; fileRef = 637867842A1EC6BB0039960E /* TextView+Actions.swift */; };
		637867872A1FB2C50039960E /* NSRange+Extensions.swift in Sources */ = {isa = PBXBuildFile; fileRef = 637867862A1FB2C50039960E /* NSRange+Extensions.swift */; };
		637BC1322A151F5F0089A34D /* Selection.swift in Sources */ = {isa = PBXBuildFile; fileRef = 637BC1312A151F5F0089A34D /* Selection.swift */; };
		637BC1422A156B620089A34D /* CGRect+Extensions.swift in Sources */ = {isa = PBXBuildFile; fileRef = 637BC1412A156B620089A34D /* CGRect+Extensions.swift */; };
		637BC1442A156B820089A34D /* CGPoint+Extensions.swift in Sources */ = {isa = PBXBuildFile; fileRef = 637BC1432A156B820089A34D /* CGPoint+Extensions.swift */; };
		637BC1462A156B9B0089A34D /* CGSize+Extensions.swift in Sources */ = {isa = PBXBuildFile; fileRef = 637BC1452A156B9B0089A34D /* CGSize+Extensions.swift */; };
		63820B8D2A7164A500CC7458 /* Collection+Extensions.swift in Sources */ = {isa = PBXBuildFile; fileRef = 63820B8C2A7164A500CC7458 /* Collection+Extensions.swift */; };
		63A618622A0C3AE200E70B0E /* Moby Dick.txt in Resources */ = {isa = PBXBuildFile; fileRef = 63A618612A0C3AE200E70B0E /* Moby Dick.txt */; };
		63A618722A0EAF2000E70B0E /* WeakDictionary.swift in Sources */ = {isa = PBXBuildFile; fileRef = 63A618712A0EAF2000E70B0E /* WeakDictionary.swift */; };
		63A618742A0EC37700E70B0E /* LineNumberView.swift in Sources */ = {isa = PBXBuildFile; fileRef = 63A618732A0EC37700E70B0E /* LineNumberView.swift */; };
		63A618762A0FD61B00E70B0E /* TextView+LineNumbers.swift in Sources */ = {isa = PBXBuildFile; fileRef = 63A618752A0FD61B00E70B0E /* TextView+LineNumbers.swift */; };
		63B61A1229FD965800787BB9 /* WindowController.swift in Sources */ = {isa = PBXBuildFile; fileRef = 63B61A1129FD965800787BB9 /* WindowController.swift */; };
		63B61A1429FD9E1D00787BB9 /* TextViewController.swift in Sources */ = {isa = PBXBuildFile; fileRef = 63B61A1329FD9E1D00787BB9 /* TextViewController.swift */; };
		63B61A1629FDA2B800787BB9 /* TextView.swift in Sources */ = {isa = PBXBuildFile; fileRef = 63B61A1529FDA2B800787BB9 /* TextView.swift */; };
		63B61A1C29FDA9FB00787BB9 /* LayoutManager.swift in Sources */ = {isa = PBXBuildFile; fileRef = 63B61A1B29FDA9FB00787BB9 /* LayoutManager.swift */; };
		63B61A2029FDAE0400787BB9 /* TextView+Layout.swift in Sources */ = {isa = PBXBuildFile; fileRef = 63B61A1F29FDAE0400787BB9 /* TextView+Layout.swift */; };
		63B8B1762A9F890100F32C2C /* Utilities.swift in Sources */ = {isa = PBXBuildFile; fileRef = 63B8B1752A9F890100F32C2C /* Utilities.swift */; };
		63B8B1782A9F8A3A00F32C2C /* UtilitiesTest.swift in Sources */ = {isa = PBXBuildFile; fileRef = 63B8B1772A9F8A3A00F32C2C /* UtilitiesTest.swift */; };
		63C907822A7319E300E4D7C9 /* HeightsTest.swift in Sources */ = {isa = PBXBuildFile; fileRef = 63C907812A7319E300E4D7C9 /* HeightsTest.swift */; };
		63C907842A7847BD00E4D7C9 /* IntervalCache.swift in Sources */ = {isa = PBXBuildFile; fileRef = 63C907832A7847BC00E4D7C9 /* IntervalCache.swift */; };
		63C907882A7847FB00E4D7C9 /* IntervalCacheTests.swift in Sources */ = {isa = PBXBuildFile; fileRef = 63C907872A7847FB00E4D7C9 /* IntervalCacheTests.swift */; };
		63C9078A2A795F1B00E4D7C9 /* Spans.swift in Sources */ = {isa = PBXBuildFile; fileRef = 63C907892A795F1B00E4D7C9 /* Spans.swift */; };
		63F0468A2A65D3EA001B8DA8 /* BTree.swift in Sources */ = {isa = PBXBuildFile; fileRef = 63F046892A65D3EA001B8DA8 /* BTree.swift */; };
		63F0468C2A65D3F8001B8DA8 /* Rope.swift in Sources */ = {isa = PBXBuildFile; fileRef = 63F0468B2A65D3F8001B8DA8 /* Rope.swift */; };
		63F0468F2A65D417001B8DA8 /* RopeTests.swift in Sources */ = {isa = PBXBuildFile; fileRef = 63F0468E2A65D417001B8DA8 /* RopeTests.swift */; };
		63F25BD92A683CC500DEACCF /* Buffer.swift in Sources */ = {isa = PBXBuildFile; fileRef = 63F25BD82A683CC500DEACCF /* Buffer.swift */; };
		63F25BDB2A68409700DEACCF /* LLDBInitFile in Resources */ = {isa = PBXBuildFile; fileRef = 63F25BDA2A68409700DEACCF /* LLDBInitFile */; };
		63F25BE12A689D2400DEACCF /* Line.swift in Sources */ = {isa = PBXBuildFile; fileRef = 63F25BE02A689D2400DEACCF /* Line.swift */; };
		63F25BE32A689EA700DEACCF /* LineLayer.swift in Sources */ = {isa = PBXBuildFile; fileRef = 63F25BE22A689EA700DEACCF /* LineLayer.swift */; };
		63F25BE52A68A27600DEACCF /* LineFragment.swift in Sources */ = {isa = PBXBuildFile; fileRef = 63F25BE42A68A27600DEACCF /* LineFragment.swift */; };
		63F30E672AA90012009929F7 /* TreeSitter in Frameworks */ = {isa = PBXBuildFile; productRef = 63F30E662AA90012009929F7 /* TreeSitter */; };
/* End PBXBuildFile section */

/* Begin PBXContainerItemProxy section */
		6372889E29FD8E1A005B95E5 /* PBXContainerItemProxy */ = {
			isa = PBXContainerItemProxy;
			containerPortal = 6372888029FD8E19005B95E5 /* Project object */;
			proxyType = 1;
			remoteGlobalIDString = 6372888729FD8E19005B95E5;
			remoteInfo = Watt;
		};
		637288A829FD8E1A005B95E5 /* PBXContainerItemProxy */ = {
			isa = PBXContainerItemProxy;
			containerPortal = 6372888029FD8E19005B95E5 /* Project object */;
			proxyType = 1;
			remoteGlobalIDString = 6372888729FD8E19005B95E5;
			remoteInfo = Watt;
		};
/* End PBXContainerItemProxy section */

/* Begin PBXFileReference section */
		6315D2FD2A96630F00B8A077 /* SpansTests.swift */ = {isa = PBXFileReference; lastKnownFileType = sourcecode.swift; path = SpansTests.swift; sourceTree = "<group>"; };
		6315D2FF2A9B769100B8A077 /* AttributedRope.swift */ = {isa = PBXFileReference; lastKnownFileType = sourcecode.swift; path = AttributedRope.swift; sourceTree = "<group>"; };
		6315D3012A9BD00F00B8A077 /* AttributedRopeTests.swift */ = {isa = PBXFileReference; lastKnownFileType = sourcecode.swift; name = AttributedRopeTests.swift; path = WattTests/AttributedRopeTests.swift; sourceTree = SOURCE_ROOT; };
		631FD2642A696D27005FA854 /* Heights.swift */ = {isa = PBXFileReference; lastKnownFileType = sourcecode.swift; path = Heights.swift; sourceTree = "<group>"; };
		63286AE12A13DF5D00839B25 /* ClipView.swift */ = {isa = PBXFileReference; lastKnownFileType = sourcecode.swift; path = ClipView.swift; sourceTree = "<group>"; };
		6346D1942A06EC2900CFB7EE /* TextContainer.swift */ = {isa = PBXFileReference; lastKnownFileType = sourcecode.swift; path = TextContainer.swift; sourceTree = "<group>"; };
		6372888829FD8E19005B95E5 /* Watt.app */ = {isa = PBXFileReference; explicitFileType = wrapper.application; includeInIndex = 0; path = Watt.app; sourceTree = BUILT_PRODUCTS_DIR; };
		6372888B29FD8E19005B95E5 /* AppDelegate.swift */ = {isa = PBXFileReference; lastKnownFileType = sourcecode.swift; path = AppDelegate.swift; sourceTree = "<group>"; };
		6372888D29FD8E19005B95E5 /* Document.swift */ = {isa = PBXFileReference; lastKnownFileType = sourcecode.swift; path = Document.swift; sourceTree = "<group>"; };
		6372889229FD8E1A005B95E5 /* Assets.xcassets */ = {isa = PBXFileReference; lastKnownFileType = folder.assetcatalog; path = Assets.xcassets; sourceTree = "<group>"; };
		6372889529FD8E1A005B95E5 /* Base */ = {isa = PBXFileReference; lastKnownFileType = file.xib; name = Base; path = Base.lproj/MainMenu.xib; sourceTree = "<group>"; };
		6372889729FD8E1A005B95E5 /* Info.plist */ = {isa = PBXFileReference; lastKnownFileType = text.plist.xml; path = Info.plist; sourceTree = "<group>"; };
		6372889829FD8E1A005B95E5 /* Watt.entitlements */ = {isa = PBXFileReference; lastKnownFileType = text.plist.entitlements; path = Watt.entitlements; sourceTree = "<group>"; };
		6372889D29FD8E1A005B95E5 /* WattTests.xctest */ = {isa = PBXFileReference; explicitFileType = wrapper.cfbundle; includeInIndex = 0; path = WattTests.xctest; sourceTree = BUILT_PRODUCTS_DIR; };
		637288A729FD8E1A005B95E5 /* WattUITests.xctest */ = {isa = PBXFileReference; explicitFileType = wrapper.cfbundle; includeInIndex = 0; path = WattUITests.xctest; sourceTree = BUILT_PRODUCTS_DIR; };
		637288AB29FD8E1A005B95E5 /* WattUITests.swift */ = {isa = PBXFileReference; lastKnownFileType = sourcecode.swift; path = WattUITests.swift; sourceTree = "<group>"; };
		637288AD29FD8E1A005B95E5 /* WattUITestsLaunchTests.swift */ = {isa = PBXFileReference; lastKnownFileType = sourcecode.swift; path = WattUITestsLaunchTests.swift; sourceTree = "<group>"; };
		637288BA29FD9002005B95E5 /* Watt.xcconfig */ = {isa = PBXFileReference; lastKnownFileType = text.xcconfig; path = Watt.xcconfig; sourceTree = "<group>"; };
		637288BB29FD9069005B95E5 /* .gitignore */ = {isa = PBXFileReference; lastKnownFileType = text; path = .gitignore; sourceTree = "<group>"; };
		637288BC29FD9084005B95E5 /* Developer.xcconfig */ = {isa = PBXFileReference; lastKnownFileType = text.xcconfig; path = Developer.xcconfig; sourceTree = "<group>"; };
		637867702A17F7460039960E /* TextView+Selection.swift */ = {isa = PBXFileReference; lastKnownFileType = sourcecode.swift; path = "TextView+Selection.swift"; sourceTree = "<group>"; };
		637867722A1BD1E10039960E /* TextView+Events.swift */ = {isa = PBXFileReference; lastKnownFileType = sourcecode.swift; path = "TextView+Events.swift"; sourceTree = "<group>"; };
		6378677A2A1BDF870039960E /* SelectionLayer.swift */ = {isa = PBXFileReference; lastKnownFileType = sourcecode.swift; path = SelectionLayer.swift; sourceTree = "<group>"; };
		6378677C2A1BE3FE0039960E /* LineNumberLayer.swift */ = {isa = PBXFileReference; lastKnownFileType = sourcecode.swift; path = LineNumberLayer.swift; sourceTree = "<group>"; };
		637867802A1BEA960039960E /* InsertionPointLayer.swift */ = {isa = PBXFileReference; lastKnownFileType = sourcecode.swift; path = InsertionPointLayer.swift; sourceTree = "<group>"; };
		637867822A1EC5B50039960E /* TextView+Input.swift */ = {isa = PBXFileReference; lastKnownFileType = sourcecode.swift; path = "TextView+Input.swift"; sourceTree = "<group>"; };
		637867842A1EC6BB0039960E /* TextView+Actions.swift */ = {isa = PBXFileReference; lastKnownFileType = sourcecode.swift; path = "TextView+Actions.swift"; sourceTree = "<group>"; };
		637867862A1FB2C50039960E /* NSRange+Extensions.swift */ = {isa = PBXFileReference; lastKnownFileType = sourcecode.swift; path = "NSRange+Extensions.swift"; sourceTree = "<group>"; };
		637BC1312A151F5F0089A34D /* Selection.swift */ = {isa = PBXFileReference; lastKnownFileType = sourcecode.swift; path = Selection.swift; sourceTree = "<group>"; };
		637BC1412A156B620089A34D /* CGRect+Extensions.swift */ = {isa = PBXFileReference; lastKnownFileType = sourcecode.swift; path = "CGRect+Extensions.swift"; sourceTree = "<group>"; };
		637BC1432A156B820089A34D /* CGPoint+Extensions.swift */ = {isa = PBXFileReference; lastKnownFileType = sourcecode.swift; path = "CGPoint+Extensions.swift"; sourceTree = "<group>"; };
		637BC1452A156B9B0089A34D /* CGSize+Extensions.swift */ = {isa = PBXFileReference; lastKnownFileType = sourcecode.swift; path = "CGSize+Extensions.swift"; sourceTree = "<group>"; };
		63820B8C2A7164A500CC7458 /* Collection+Extensions.swift */ = {isa = PBXFileReference; lastKnownFileType = sourcecode.swift; path = "Collection+Extensions.swift"; sourceTree = "<group>"; };
		6396DEFD2AA9074D00B1D03B /* TreeSitterLanguages */ = {isa = PBXFileReference; lastKnownFileType = wrapper; path = TreeSitterLanguages; sourceTree = "<group>"; };
		63A618612A0C3AE200E70B0E /* Moby Dick.txt */ = {isa = PBXFileReference; fileEncoding = 4; lastKnownFileType = text; path = "Moby Dick.txt"; sourceTree = "<group>"; };
		63A618712A0EAF2000E70B0E /* WeakDictionary.swift */ = {isa = PBXFileReference; lastKnownFileType = sourcecode.swift; path = WeakDictionary.swift; sourceTree = "<group>"; };
		63A618732A0EC37700E70B0E /* LineNumberView.swift */ = {isa = PBXFileReference; lastKnownFileType = sourcecode.swift; path = LineNumberView.swift; sourceTree = "<group>"; };
		63A618752A0FD61B00E70B0E /* TextView+LineNumbers.swift */ = {isa = PBXFileReference; lastKnownFileType = sourcecode.swift; path = "TextView+LineNumbers.swift"; sourceTree = "<group>"; };
		63B61A1129FD965800787BB9 /* WindowController.swift */ = {isa = PBXFileReference; lastKnownFileType = sourcecode.swift; path = WindowController.swift; sourceTree = "<group>"; };
		63B61A1329FD9E1D00787BB9 /* TextViewController.swift */ = {isa = PBXFileReference; lastKnownFileType = sourcecode.swift; path = TextViewController.swift; sourceTree = "<group>"; };
		63B61A1529FDA2B800787BB9 /* TextView.swift */ = {isa = PBXFileReference; lastKnownFileType = sourcecode.swift; path = TextView.swift; sourceTree = "<group>"; };
		63B61A1B29FDA9FB00787BB9 /* LayoutManager.swift */ = {isa = PBXFileReference; lastKnownFileType = sourcecode.swift; path = LayoutManager.swift; sourceTree = "<group>"; };
		63B61A1F29FDAE0400787BB9 /* TextView+Layout.swift */ = {isa = PBXFileReference; lastKnownFileType = sourcecode.swift; path = "TextView+Layout.swift"; sourceTree = "<group>"; };
		63B8B1752A9F890100F32C2C /* Utilities.swift */ = {isa = PBXFileReference; lastKnownFileType = sourcecode.swift; path = Utilities.swift; sourceTree = "<group>"; };
		63B8B1772A9F8A3A00F32C2C /* UtilitiesTest.swift */ = {isa = PBXFileReference; lastKnownFileType = sourcecode.swift; name = UtilitiesTest.swift; path = WattTests/UtilitiesTest.swift; sourceTree = SOURCE_ROOT; };
		63C907812A7319E300E4D7C9 /* HeightsTest.swift */ = {isa = PBXFileReference; lastKnownFileType = sourcecode.swift; path = HeightsTest.swift; sourceTree = "<group>"; };
		63C907832A7847BC00E4D7C9 /* IntervalCache.swift */ = {isa = PBXFileReference; lastKnownFileType = sourcecode.swift; path = IntervalCache.swift; sourceTree = "<group>"; };
		63C907872A7847FB00E4D7C9 /* IntervalCacheTests.swift */ = {isa = PBXFileReference; lastKnownFileType = sourcecode.swift; path = IntervalCacheTests.swift; sourceTree = "<group>"; };
		63C907892A795F1B00E4D7C9 /* Spans.swift */ = {isa = PBXFileReference; lastKnownFileType = sourcecode.swift; path = Spans.swift; sourceTree = "<group>"; };
		63F046892A65D3EA001B8DA8 /* BTree.swift */ = {isa = PBXFileReference; fileEncoding = 4; lastKnownFileType = sourcecode.swift; path = BTree.swift; sourceTree = "<group>"; };
		63F0468B2A65D3F8001B8DA8 /* Rope.swift */ = {isa = PBXFileReference; fileEncoding = 4; lastKnownFileType = sourcecode.swift; path = Rope.swift; sourceTree = "<group>"; };
		63F0468E2A65D417001B8DA8 /* RopeTests.swift */ = {isa = PBXFileReference; fileEncoding = 4; lastKnownFileType = sourcecode.swift; path = RopeTests.swift; sourceTree = "<group>"; };
		63F25BD82A683CC500DEACCF /* Buffer.swift */ = {isa = PBXFileReference; lastKnownFileType = sourcecode.swift; path = Buffer.swift; sourceTree = "<group>"; };
		63F25BDA2A68409700DEACCF /* LLDBInitFile */ = {isa = PBXFileReference; lastKnownFileType = text; path = LLDBInitFile; sourceTree = "<group>"; };
		63F25BE02A689D2400DEACCF /* Line.swift */ = {isa = PBXFileReference; lastKnownFileType = sourcecode.swift; path = Line.swift; sourceTree = "<group>"; };
		63F25BE22A689EA700DEACCF /* LineLayer.swift */ = {isa = PBXFileReference; lastKnownFileType = sourcecode.swift; path = LineLayer.swift; sourceTree = "<group>"; };
		63F25BE42A68A27600DEACCF /* LineFragment.swift */ = {isa = PBXFileReference; lastKnownFileType = sourcecode.swift; path = LineFragment.swift; sourceTree = "<group>"; };
/* End PBXFileReference section */

/* Begin PBXFrameworksBuildPhase section */
		6372888529FD8E19005B95E5 /* Frameworks */ = {
			isa = PBXFrameworksBuildPhase;
			buildActionMask = 2147483647;
			files = (
				63F30E672AA90012009929F7 /* TreeSitter in Frameworks */,
			);
			runOnlyForDeploymentPostprocessing = 0;
		};
		6372889A29FD8E1A005B95E5 /* Frameworks */ = {
			isa = PBXFrameworksBuildPhase;
			buildActionMask = 2147483647;
			files = (
			);
			runOnlyForDeploymentPostprocessing = 0;
		};
		637288A429FD8E1A005B95E5 /* Frameworks */ = {
			isa = PBXFrameworksBuildPhase;
			buildActionMask = 2147483647;
			files = (
			);
			runOnlyForDeploymentPostprocessing = 0;
		};
/* End PBXFrameworksBuildPhase section */

/* Begin PBXGroup section */
		63359A392AA9081B00082762 /* Frameworks */ = {
			isa = PBXGroup;
			children = (
			);
			name = Frameworks;
			sourceTree = "<group>";
		};
		6372887F29FD8E19005B95E5 = {
			isa = PBXGroup;
			children = (
				637288BB29FD9069005B95E5 /* .gitignore */,
				63F25BDA2A68409700DEACCF /* LLDBInitFile */,
				6396DEFD2AA9074D00B1D03B /* TreeSitterLanguages */,
				637288BC29FD9084005B95E5 /* Developer.xcconfig */,
				637288BA29FD9002005B95E5 /* Watt.xcconfig */,
				6372888929FD8E19005B95E5 /* Products */,
				6372888A29FD8E19005B95E5 /* Watt */,
				637288A029FD8E1A005B95E5 /* WattTests */,
				637288AA29FD8E1A005B95E5 /* WattUITests */,
				63359A392AA9081B00082762 /* Frameworks */,
			);
			sourceTree = "<group>";
		};
		6372888929FD8E19005B95E5 /* Products */ = {
			isa = PBXGroup;
			children = (
				6372888829FD8E19005B95E5 /* Watt.app */,
				6372889D29FD8E1A005B95E5 /* WattTests.xctest */,
				637288A729FD8E1A005B95E5 /* WattUITests.xctest */,
			);
			name = Products;
			sourceTree = "<group>";
		};
		6372888A29FD8E19005B95E5 /* Watt */ = {
			isa = PBXGroup;
			children = (
				6372889829FD8E1A005B95E5 /* Watt.entitlements */,
				6372889729FD8E1A005B95E5 /* Info.plist */,
				6372888B29FD8E19005B95E5 /* AppDelegate.swift */,
				6315D2FF2A9B769100B8A077 /* AttributedRope.swift */,
				63F046892A65D3EA001B8DA8 /* BTree.swift */,
				63F25BD82A683CC500DEACCF /* Buffer.swift */,
				637BC1432A156B820089A34D /* CGPoint+Extensions.swift */,
				637BC1412A156B620089A34D /* CGRect+Extensions.swift */,
				637BC1452A156B9B0089A34D /* CGSize+Extensions.swift */,
				63286AE12A13DF5D00839B25 /* ClipView.swift */,
				63820B8C2A7164A500CC7458 /* Collection+Extensions.swift */,
				6372888D29FD8E19005B95E5 /* Document.swift */,
				631FD2642A696D27005FA854 /* Heights.swift */,
				637867802A1BEA960039960E /* InsertionPointLayer.swift */,
				63C907832A7847BC00E4D7C9 /* IntervalCache.swift */,
				63B61A1B29FDA9FB00787BB9 /* LayoutManager.swift */,
				63F25BE02A689D2400DEACCF /* Line.swift */,
				63F25BE42A68A27600DEACCF /* LineFragment.swift */,
				63F25BE22A689EA700DEACCF /* LineLayer.swift */,
				637867862A1FB2C50039960E /* NSRange+Extensions.swift */,
				63F0468B2A65D3F8001B8DA8 /* Rope.swift */,
				637BC1312A151F5F0089A34D /* Selection.swift */,
				6378677A2A1BDF870039960E /* SelectionLayer.swift */,
				63C907892A795F1B00E4D7C9 /* Spans.swift */,
				63B8B1772A9F8A3A00F32C2C /* UtilitiesTest.swift */,
				6346D1942A06EC2900CFB7EE /* TextContainer.swift */,
				63B61A1529FDA2B800787BB9 /* TextView.swift */,
				637867842A1EC6BB0039960E /* TextView+Actions.swift */,
				637867722A1BD1E10039960E /* TextView+Events.swift */,
				637867822A1EC5B50039960E /* TextView+Input.swift */,
				63B61A1F29FDAE0400787BB9 /* TextView+Layout.swift */,
				63A618752A0FD61B00E70B0E /* TextView+LineNumbers.swift */,
				637867702A17F7460039960E /* TextView+Selection.swift */,
				63B61A1329FD9E1D00787BB9 /* TextViewController.swift */,
				63B8B1752A9F890100F32C2C /* Utilities.swift */,
				63A618712A0EAF2000E70B0E /* WeakDictionary.swift */,
				63B61A1129FD965800787BB9 /* WindowController.swift */,
				63A618612A0C3AE200E70B0E /* Moby Dick.txt */,
				6372889229FD8E1A005B95E5 /* Assets.xcassets */,
				63B863C92A1314E50082B4A6 /* LineNumberView */,
				6372889429FD8E1A005B95E5 /* MainMenu.xib */,
			);
			path = Watt;
			sourceTree = "<group>";
		};
		637288A029FD8E1A005B95E5 /* WattTests */ = {
			isa = PBXGroup;
			children = (
				6315D3012A9BD00F00B8A077 /* AttributedRopeTests.swift */,
				63C907812A7319E300E4D7C9 /* HeightsTest.swift */,
				63C907872A7847FB00E4D7C9 /* IntervalCacheTests.swift */,
				63F0468E2A65D417001B8DA8 /* RopeTests.swift */,
				6315D2FD2A96630F00B8A077 /* SpansTests.swift */,
			);
			path = WattTests;
			sourceTree = "<group>";
		};
		637288AA29FD8E1A005B95E5 /* WattUITests */ = {
			isa = PBXGroup;
			children = (
				637288AB29FD8E1A005B95E5 /* WattUITests.swift */,
				637288AD29FD8E1A005B95E5 /* WattUITestsLaunchTests.swift */,
			);
			path = WattUITests;
			sourceTree = "<group>";
		};
		63B863C92A1314E50082B4A6 /* LineNumberView */ = {
			isa = PBXGroup;
			children = (
				6378677C2A1BE3FE0039960E /* LineNumberLayer.swift */,
				63A618732A0EC37700E70B0E /* LineNumberView.swift */,
			);
			path = LineNumberView;
			sourceTree = "<group>";
		};
/* End PBXGroup section */

/* Begin PBXNativeTarget section */
		6372888729FD8E19005B95E5 /* Watt */ = {
			isa = PBXNativeTarget;
			buildConfigurationList = 637288B129FD8E1A005B95E5 /* Build configuration list for PBXNativeTarget "Watt" */;
			buildPhases = (
				6372888429FD8E19005B95E5 /* Sources */,
				6372888529FD8E19005B95E5 /* Frameworks */,
				6372888629FD8E19005B95E5 /* Resources */,
			);
			buildRules = (
			);
			dependencies = (
			);
			name = Watt;
			packageProductDependencies = (
				63F30E662AA90012009929F7 /* TreeSitter */,
			);
			productName = Watt;
			productReference = 6372888829FD8E19005B95E5 /* Watt.app */;
			productType = "com.apple.product-type.application";
		};
		6372889C29FD8E1A005B95E5 /* WattTests */ = {
			isa = PBXNativeTarget;
			buildConfigurationList = 637288B429FD8E1A005B95E5 /* Build configuration list for PBXNativeTarget "WattTests" */;
			buildPhases = (
				6372889929FD8E1A005B95E5 /* Sources */,
				6372889A29FD8E1A005B95E5 /* Frameworks */,
				6372889B29FD8E1A005B95E5 /* Resources */,
			);
			buildRules = (
			);
			dependencies = (
				6372889F29FD8E1A005B95E5 /* PBXTargetDependency */,
			);
			name = WattTests;
			productName = WattTests;
			productReference = 6372889D29FD8E1A005B95E5 /* WattTests.xctest */;
			productType = "com.apple.product-type.bundle.unit-test";
		};
		637288A629FD8E1A005B95E5 /* WattUITests */ = {
			isa = PBXNativeTarget;
			buildConfigurationList = 637288B729FD8E1A005B95E5 /* Build configuration list for PBXNativeTarget "WattUITests" */;
			buildPhases = (
				637288A329FD8E1A005B95E5 /* Sources */,
				637288A429FD8E1A005B95E5 /* Frameworks */,
				637288A529FD8E1A005B95E5 /* Resources */,
			);
			buildRules = (
			);
			dependencies = (
				637288A929FD8E1A005B95E5 /* PBXTargetDependency */,
			);
			name = WattUITests;
			productName = WattUITests;
			productReference = 637288A729FD8E1A005B95E5 /* WattUITests.xctest */;
			productType = "com.apple.product-type.bundle.ui-testing";
		};
/* End PBXNativeTarget section */

/* Begin PBXProject section */
		6372888029FD8E19005B95E5 /* Project object */ = {
			isa = PBXProject;
			attributes = {
				BuildIndependentTargetsInParallel = 1;
				LastSwiftUpdateCheck = 1430;
				LastUpgradeCheck = 1500;
				TargetAttributes = {
					6372888729FD8E19005B95E5 = {
						CreatedOnToolsVersion = 14.3;
					};
					6372889C29FD8E1A005B95E5 = {
						CreatedOnToolsVersion = 14.3;
						TestTargetID = 6372888729FD8E19005B95E5;
					};
					637288A629FD8E1A005B95E5 = {
						CreatedOnToolsVersion = 14.3;
						TestTargetID = 6372888729FD8E19005B95E5;
					};
				};
			};
			buildConfigurationList = 6372888329FD8E19005B95E5 /* Build configuration list for PBXProject "Watt" */;
			compatibilityVersion = "Xcode 14.0";
			developmentRegion = en;
			hasScannedForEncodings = 0;
			knownRegions = (
				en,
				Base,
			);
			mainGroup = 6372887F29FD8E19005B95E5;
			packageReferences = (
				63F30E652AA90012009929F7 /* XCRemoteSwiftPackageReference "tree-sitter" */,
			);
			productRefGroup = 6372888929FD8E19005B95E5 /* Products */;
			projectDirPath = "";
			projectRoot = "";
			targets = (
				6372888729FD8E19005B95E5 /* Watt */,
				6372889C29FD8E1A005B95E5 /* WattTests */,
				637288A629FD8E1A005B95E5 /* WattUITests */,
			);
		};
/* End PBXProject section */

/* Begin PBXResourcesBuildPhase section */
		6372888629FD8E19005B95E5 /* Resources */ = {
			isa = PBXResourcesBuildPhase;
			buildActionMask = 2147483647;
			files = (
				6372889329FD8E1A005B95E5 /* Assets.xcassets in Resources */,
				6372889629FD8E1A005B95E5 /* MainMenu.xib in Resources */,
				63F25BDB2A68409700DEACCF /* LLDBInitFile in Resources */,
				63A618622A0C3AE200E70B0E /* Moby Dick.txt in Resources */,
			);
			runOnlyForDeploymentPostprocessing = 0;
		};
		6372889B29FD8E1A005B95E5 /* Resources */ = {
			isa = PBXResourcesBuildPhase;
			buildActionMask = 2147483647;
			files = (
			);
			runOnlyForDeploymentPostprocessing = 0;
		};
		637288A529FD8E1A005B95E5 /* Resources */ = {
			isa = PBXResourcesBuildPhase;
			buildActionMask = 2147483647;
			files = (
			);
			runOnlyForDeploymentPostprocessing = 0;
		};
/* End PBXResourcesBuildPhase section */

/* Begin PBXSourcesBuildPhase section */
		6372888429FD8E19005B95E5 /* Sources */ = {
			isa = PBXSourcesBuildPhase;
			buildActionMask = 2147483647;
			files = (
				6372888E29FD8E19005B95E5 /* Document.swift in Sources */,
				6315D3002A9B769100B8A077 /* AttributedRope.swift in Sources */,
				63286AE22A13DF5D00839B25 /* ClipView.swift in Sources */,
				637BC1422A156B620089A34D /* CGRect+Extensions.swift in Sources */,
				637BC1442A156B820089A34D /* CGPoint+Extensions.swift in Sources */,
				6346D1952A06EC2900CFB7EE /* TextContainer.swift in Sources */,
				63B8B1762A9F890100F32C2C /* Utilities.swift in Sources */,
				63F25BE12A689D2400DEACCF /* Line.swift in Sources */,
				637867872A1FB2C50039960E /* NSRange+Extensions.swift in Sources */,
				637BC1462A156B9B0089A34D /* CGSize+Extensions.swift in Sources */,
				63A618762A0FD61B00E70B0E /* TextView+LineNumbers.swift in Sources */,
				63B61A1C29FDA9FB00787BB9 /* LayoutManager.swift in Sources */,
				63B61A1429FD9E1D00787BB9 /* TextViewController.swift in Sources */,
				63B61A1229FD965800787BB9 /* WindowController.swift in Sources */,
				63F0468C2A65D3F8001B8DA8 /* Rope.swift in Sources */,
				637867732A1BD1E10039960E /* TextView+Events.swift in Sources */,
				637867832A1EC5B50039960E /* TextView+Input.swift in Sources */,
				63A618722A0EAF2000E70B0E /* WeakDictionary.swift in Sources */,
				6372888C29FD8E19005B95E5 /* AppDelegate.swift in Sources */,
				63A618742A0EC37700E70B0E /* LineNumberView.swift in Sources */,
				6378677D2A1BE3FE0039960E /* LineNumberLayer.swift in Sources */,
				63F0468A2A65D3EA001B8DA8 /* BTree.swift in Sources */,
				637867812A1BEA960039960E /* InsertionPointLayer.swift in Sources */,
				63F25BE52A68A27600DEACCF /* LineFragment.swift in Sources */,
				63F25BE32A689EA700DEACCF /* LineLayer.swift in Sources */,
				63B61A2029FDAE0400787BB9 /* TextView+Layout.swift in Sources */,
				631FD2652A696D27005FA854 /* Heights.swift in Sources */,
				63C9078A2A795F1B00E4D7C9 /* Spans.swift in Sources */,
				63F25BD92A683CC500DEACCF /* Buffer.swift in Sources */,
				63C907842A7847BD00E4D7C9 /* IntervalCache.swift in Sources */,
				637867712A17F7460039960E /* TextView+Selection.swift in Sources */,
				637867852A1EC6BB0039960E /* TextView+Actions.swift in Sources */,
				63B61A1629FDA2B800787BB9 /* TextView.swift in Sources */,
				63820B8D2A7164A500CC7458 /* Collection+Extensions.swift in Sources */,
				637BC1322A151F5F0089A34D /* Selection.swift in Sources */,
				6378677B2A1BDF870039960E /* SelectionLayer.swift in Sources */,
			);
			runOnlyForDeploymentPostprocessing = 0;
		};
		6372889929FD8E1A005B95E5 /* Sources */ = {
			isa = PBXSourcesBuildPhase;
			buildActionMask = 2147483647;
			files = (
				6315D3022A9BD00F00B8A077 /* AttributedRopeTests.swift in Sources */,
				63C907822A7319E300E4D7C9 /* HeightsTest.swift in Sources */,
				63B8B1782A9F8A3A00F32C2C /* UtilitiesTest.swift in Sources */,
				63C907882A7847FB00E4D7C9 /* IntervalCacheTests.swift in Sources */,
				63F0468F2A65D417001B8DA8 /* RopeTests.swift in Sources */,
				6315D2FE2A96630F00B8A077 /* SpansTests.swift in Sources */,
			);
			runOnlyForDeploymentPostprocessing = 0;
		};
		637288A329FD8E1A005B95E5 /* Sources */ = {
			isa = PBXSourcesBuildPhase;
			buildActionMask = 2147483647;
			files = (
				637288AE29FD8E1A005B95E5 /* WattUITestsLaunchTests.swift in Sources */,
				637288AC29FD8E1A005B95E5 /* WattUITests.swift in Sources */,
			);
			runOnlyForDeploymentPostprocessing = 0;
		};
/* End PBXSourcesBuildPhase section */

/* Begin PBXTargetDependency section */
		6372889F29FD8E1A005B95E5 /* PBXTargetDependency */ = {
			isa = PBXTargetDependency;
			target = 6372888729FD8E19005B95E5 /* Watt */;
			targetProxy = 6372889E29FD8E1A005B95E5 /* PBXContainerItemProxy */;
		};
		637288A929FD8E1A005B95E5 /* PBXTargetDependency */ = {
			isa = PBXTargetDependency;
			target = 6372888729FD8E19005B95E5 /* Watt */;
			targetProxy = 637288A829FD8E1A005B95E5 /* PBXContainerItemProxy */;
		};
/* End PBXTargetDependency section */

/* Begin PBXVariantGroup section */
		6372889429FD8E1A005B95E5 /* MainMenu.xib */ = {
			isa = PBXVariantGroup;
			children = (
				6372889529FD8E1A005B95E5 /* Base */,
			);
			name = MainMenu.xib;
			sourceTree = "<group>";
		};
/* End PBXVariantGroup section */

/* Begin XCBuildConfiguration section */
		637288AF29FD8E1A005B95E5 /* Debug */ = {
			isa = XCBuildConfiguration;
			baseConfigurationReference = 637288BA29FD9002005B95E5 /* Watt.xcconfig */;
			buildSettings = {
				ALWAYS_SEARCH_USER_PATHS = NO;
				ASSETCATALOG_COMPILER_GENERATE_SWIFT_ASSET_SYMBOL_EXTENSIONS = YES;
				CLANG_ANALYZER_NONNULL = YES;
				CLANG_ANALYZER_NUMBER_OBJECT_CONVERSION = YES_AGGRESSIVE;
				CLANG_CXX_LANGUAGE_STANDARD = "gnu++20";
				CLANG_ENABLE_MODULES = YES;
				CLANG_ENABLE_OBJC_ARC = YES;
				CLANG_ENABLE_OBJC_WEAK = YES;
				CLANG_WARN_BLOCK_CAPTURE_AUTORELEASING = YES;
				CLANG_WARN_BOOL_CONVERSION = YES;
				CLANG_WARN_COMMA = YES;
				CLANG_WARN_CONSTANT_CONVERSION = YES;
				CLANG_WARN_DEPRECATED_OBJC_IMPLEMENTATIONS = YES;
				CLANG_WARN_DIRECT_OBJC_ISA_USAGE = YES_ERROR;
				CLANG_WARN_DOCUMENTATION_COMMENTS = YES;
				CLANG_WARN_EMPTY_BODY = YES;
				CLANG_WARN_ENUM_CONVERSION = YES;
				CLANG_WARN_INFINITE_RECURSION = YES;
				CLANG_WARN_INT_CONVERSION = YES;
				CLANG_WARN_NON_LITERAL_NULL_CONVERSION = YES;
				CLANG_WARN_OBJC_IMPLICIT_RETAIN_SELF = YES;
				CLANG_WARN_OBJC_LITERAL_CONVERSION = YES;
				CLANG_WARN_OBJC_ROOT_CLASS = YES_ERROR;
				CLANG_WARN_QUOTED_INCLUDE_IN_FRAMEWORK_HEADER = YES;
				CLANG_WARN_RANGE_LOOP_ANALYSIS = YES;
				CLANG_WARN_STRICT_PROTOTYPES = YES;
				CLANG_WARN_SUSPICIOUS_MOVE = YES;
				CLANG_WARN_UNGUARDED_AVAILABILITY = YES_AGGRESSIVE;
				CLANG_WARN_UNREACHABLE_CODE = YES;
				CLANG_WARN__DUPLICATE_METHOD_MATCH = YES;
				COPY_PHASE_STRIP = NO;
				DEAD_CODE_STRIPPING = YES;
				DEBUG_INFORMATION_FORMAT = dwarf;
				ENABLE_STRICT_OBJC_MSGSEND = YES;
				ENABLE_TESTABILITY = YES;
				ENABLE_USER_SCRIPT_SANDBOXING = YES;
				GCC_C_LANGUAGE_STANDARD = gnu11;
				GCC_DYNAMIC_NO_PIC = NO;
				GCC_NO_COMMON_BLOCKS = YES;
				GCC_OPTIMIZATION_LEVEL = 0;
				GCC_PREPROCESSOR_DEFINITIONS = (
					"DEBUG=1",
					"$(inherited)",
				);
				GCC_WARN_64_TO_32_BIT_CONVERSION = YES;
				GCC_WARN_ABOUT_RETURN_TYPE = YES_ERROR;
				GCC_WARN_UNDECLARED_SELECTOR = YES;
				GCC_WARN_UNINITIALIZED_AUTOS = YES_AGGRESSIVE;
				GCC_WARN_UNUSED_FUNCTION = YES;
				GCC_WARN_UNUSED_VARIABLE = YES;
				MACOSX_DEPLOYMENT_TARGET = 13.3;
				MTL_ENABLE_DEBUG_INFO = INCLUDE_SOURCE;
				MTL_FAST_MATH = YES;
				ONLY_ACTIVE_ARCH = YES;
				SDKROOT = macosx;
				SWIFT_ACTIVE_COMPILATION_CONDITIONS = DEBUG;
				SWIFT_OPTIMIZATION_LEVEL = "-Onone";
			};
			name = Debug;
		};
		637288B029FD8E1A005B95E5 /* Release */ = {
			isa = XCBuildConfiguration;
			baseConfigurationReference = 637288BA29FD9002005B95E5 /* Watt.xcconfig */;
			buildSettings = {
				ALWAYS_SEARCH_USER_PATHS = NO;
				ASSETCATALOG_COMPILER_GENERATE_SWIFT_ASSET_SYMBOL_EXTENSIONS = YES;
				CLANG_ANALYZER_NONNULL = YES;
				CLANG_ANALYZER_NUMBER_OBJECT_CONVERSION = YES_AGGRESSIVE;
				CLANG_CXX_LANGUAGE_STANDARD = "gnu++20";
				CLANG_ENABLE_MODULES = YES;
				CLANG_ENABLE_OBJC_ARC = YES;
				CLANG_ENABLE_OBJC_WEAK = YES;
				CLANG_WARN_BLOCK_CAPTURE_AUTORELEASING = YES;
				CLANG_WARN_BOOL_CONVERSION = YES;
				CLANG_WARN_COMMA = YES;
				CLANG_WARN_CONSTANT_CONVERSION = YES;
				CLANG_WARN_DEPRECATED_OBJC_IMPLEMENTATIONS = YES;
				CLANG_WARN_DIRECT_OBJC_ISA_USAGE = YES_ERROR;
				CLANG_WARN_DOCUMENTATION_COMMENTS = YES;
				CLANG_WARN_EMPTY_BODY = YES;
				CLANG_WARN_ENUM_CONVERSION = YES;
				CLANG_WARN_INFINITE_RECURSION = YES;
				CLANG_WARN_INT_CONVERSION = YES;
				CLANG_WARN_NON_LITERAL_NULL_CONVERSION = YES;
				CLANG_WARN_OBJC_IMPLICIT_RETAIN_SELF = YES;
				CLANG_WARN_OBJC_LITERAL_CONVERSION = YES;
				CLANG_WARN_OBJC_ROOT_CLASS = YES_ERROR;
				CLANG_WARN_QUOTED_INCLUDE_IN_FRAMEWORK_HEADER = YES;
				CLANG_WARN_RANGE_LOOP_ANALYSIS = YES;
				CLANG_WARN_STRICT_PROTOTYPES = YES;
				CLANG_WARN_SUSPICIOUS_MOVE = YES;
				CLANG_WARN_UNGUARDED_AVAILABILITY = YES_AGGRESSIVE;
				CLANG_WARN_UNREACHABLE_CODE = YES;
				CLANG_WARN__DUPLICATE_METHOD_MATCH = YES;
				COPY_PHASE_STRIP = NO;
				DEAD_CODE_STRIPPING = YES;
				DEBUG_INFORMATION_FORMAT = "dwarf-with-dsym";
				ENABLE_NS_ASSERTIONS = NO;
				ENABLE_STRICT_OBJC_MSGSEND = YES;
				ENABLE_USER_SCRIPT_SANDBOXING = YES;
				GCC_C_LANGUAGE_STANDARD = gnu11;
				GCC_NO_COMMON_BLOCKS = YES;
				GCC_WARN_64_TO_32_BIT_CONVERSION = YES;
				GCC_WARN_ABOUT_RETURN_TYPE = YES_ERROR;
				GCC_WARN_UNDECLARED_SELECTOR = YES;
				GCC_WARN_UNINITIALIZED_AUTOS = YES_AGGRESSIVE;
				GCC_WARN_UNUSED_FUNCTION = YES;
				GCC_WARN_UNUSED_VARIABLE = YES;
				MACOSX_DEPLOYMENT_TARGET = 13.3;
				MTL_ENABLE_DEBUG_INFO = NO;
				MTL_FAST_MATH = YES;
				SDKROOT = macosx;
				SWIFT_COMPILATION_MODE = wholemodule;
				SWIFT_OPTIMIZATION_LEVEL = "-O";
			};
			name = Release;
		};
		637288B229FD8E1A005B95E5 /* Debug */ = {
			isa = XCBuildConfiguration;
			buildSettings = {
				ASSETCATALOG_COMPILER_APPICON_NAME = AppIcon;
				ASSETCATALOG_COMPILER_GLOBAL_ACCENT_COLOR_NAME = AccentColor;
				CODE_SIGN_ENTITLEMENTS = Watt/Watt.entitlements;
				CODE_SIGN_STYLE = Automatic;
				COMBINE_HIDPI_IMAGES = YES;
				CURRENT_PROJECT_VERSION = 1;
				DEAD_CODE_STRIPPING = YES;
				ENABLE_HARDENED_RUNTIME = YES;
				GENERATE_INFOPLIST_FILE = YES;
				INFOPLIST_FILE = Watt/Info.plist;
				INFOPLIST_KEY_NSHumanReadableCopyright = "";
				INFOPLIST_KEY_NSMainNibFile = MainMenu;
				INFOPLIST_KEY_NSPrincipalClass = NSApplication;
				LD_RUNPATH_SEARCH_PATHS = (
					"$(inherited)",
					"@executable_path/../Frameworks",
				);
				MARKETING_VERSION = 1.0;
				PRODUCT_BUNDLE_IDENTIFIER = is.dave.Watt;
				PRODUCT_NAME = "$(TARGET_NAME)";
				SWIFT_EMIT_LOC_STRINGS = YES;
				SWIFT_VERSION = 5.0;
			};
			name = Debug;
		};
		637288B329FD8E1A005B95E5 /* Release */ = {
			isa = XCBuildConfiguration;
			buildSettings = {
				ASSETCATALOG_COMPILER_APPICON_NAME = AppIcon;
				ASSETCATALOG_COMPILER_GLOBAL_ACCENT_COLOR_NAME = AccentColor;
				CODE_SIGN_ENTITLEMENTS = Watt/Watt.entitlements;
				CODE_SIGN_STYLE = Automatic;
				COMBINE_HIDPI_IMAGES = YES;
				CURRENT_PROJECT_VERSION = 1;
				DEAD_CODE_STRIPPING = YES;
				ENABLE_HARDENED_RUNTIME = YES;
				GENERATE_INFOPLIST_FILE = YES;
				INFOPLIST_FILE = Watt/Info.plist;
				INFOPLIST_KEY_NSHumanReadableCopyright = "";
				INFOPLIST_KEY_NSMainNibFile = MainMenu;
				INFOPLIST_KEY_NSPrincipalClass = NSApplication;
				LD_RUNPATH_SEARCH_PATHS = (
					"$(inherited)",
					"@executable_path/../Frameworks",
				);
				MARKETING_VERSION = 1.0;
				PRODUCT_BUNDLE_IDENTIFIER = is.dave.Watt;
				PRODUCT_NAME = "$(TARGET_NAME)";
				SWIFT_EMIT_LOC_STRINGS = YES;
				SWIFT_VERSION = 5.0;
			};
			name = Release;
		};
		637288B529FD8E1A005B95E5 /* Debug */ = {
			isa = XCBuildConfiguration;
			buildSettings = {
				ALWAYS_EMBED_SWIFT_STANDARD_LIBRARIES = YES;
				BUNDLE_LOADER = "$(TEST_HOST)";
				CODE_SIGN_STYLE = Automatic;
				CURRENT_PROJECT_VERSION = 1;
				DEAD_CODE_STRIPPING = YES;
				GENERATE_INFOPLIST_FILE = YES;
				MACOSX_DEPLOYMENT_TARGET = 13.3;
				MARKETING_VERSION = 1.0;
				PRODUCT_BUNDLE_IDENTIFIER = is.dave.WattTests;
				PRODUCT_NAME = "$(TARGET_NAME)";
				SWIFT_EMIT_LOC_STRINGS = NO;
				SWIFT_VERSION = 5.0;
				TEST_HOST = "$(BUILT_PRODUCTS_DIR)/Watt.app/$(BUNDLE_EXECUTABLE_FOLDER_PATH)/Watt";
			};
			name = Debug;
		};
		637288B629FD8E1A005B95E5 /* Release */ = {
			isa = XCBuildConfiguration;
			buildSettings = {
				ALWAYS_EMBED_SWIFT_STANDARD_LIBRARIES = YES;
				BUNDLE_LOADER = "$(TEST_HOST)";
				CODE_SIGN_STYLE = Automatic;
				CURRENT_PROJECT_VERSION = 1;
				DEAD_CODE_STRIPPING = YES;
				GENERATE_INFOPLIST_FILE = YES;
				MACOSX_DEPLOYMENT_TARGET = 13.3;
				MARKETING_VERSION = 1.0;
				PRODUCT_BUNDLE_IDENTIFIER = is.dave.WattTests;
				PRODUCT_NAME = "$(TARGET_NAME)";
				SWIFT_EMIT_LOC_STRINGS = NO;
				SWIFT_VERSION = 5.0;
				TEST_HOST = "$(BUILT_PRODUCTS_DIR)/Watt.app/$(BUNDLE_EXECUTABLE_FOLDER_PATH)/Watt";
			};
			name = Release;
		};
		637288B829FD8E1A005B95E5 /* Debug */ = {
			isa = XCBuildConfiguration;
			buildSettings = {
				ALWAYS_EMBED_SWIFT_STANDARD_LIBRARIES = YES;
				CODE_SIGN_STYLE = Automatic;
				CURRENT_PROJECT_VERSION = 1;
				DEAD_CODE_STRIPPING = YES;
				GENERATE_INFOPLIST_FILE = YES;
				MARKETING_VERSION = 1.0;
				PRODUCT_BUNDLE_IDENTIFIER = is.dave.WattUITests;
				PRODUCT_NAME = "$(TARGET_NAME)";
				SWIFT_EMIT_LOC_STRINGS = NO;
				SWIFT_VERSION = 5.0;
				TEST_TARGET_NAME = Watt;
			};
			name = Debug;
		};
		637288B929FD8E1A005B95E5 /* Release */ = {
			isa = XCBuildConfiguration;
			buildSettings = {
				ALWAYS_EMBED_SWIFT_STANDARD_LIBRARIES = YES;
				CODE_SIGN_STYLE = Automatic;
				CURRENT_PROJECT_VERSION = 1;
				DEAD_CODE_STRIPPING = YES;
				GENERATE_INFOPLIST_FILE = YES;
				MARKETING_VERSION = 1.0;
				PRODUCT_BUNDLE_IDENTIFIER = is.dave.WattUITests;
				PRODUCT_NAME = "$(TARGET_NAME)";
				SWIFT_EMIT_LOC_STRINGS = NO;
				SWIFT_VERSION = 5.0;
				TEST_TARGET_NAME = Watt;
			};
			name = Release;
		};
/* End XCBuildConfiguration section */

/* Begin XCConfigurationList section */
		6372888329FD8E19005B95E5 /* Build configuration list for PBXProject "Watt" */ = {
			isa = XCConfigurationList;
			buildConfigurations = (
				637288AF29FD8E1A005B95E5 /* Debug */,
				637288B029FD8E1A005B95E5 /* Release */,
			);
			defaultConfigurationIsVisible = 0;
			defaultConfigurationName = Release;
		};
		637288B129FD8E1A005B95E5 /* Build configuration list for PBXNativeTarget "Watt" */ = {
			isa = XCConfigurationList;
			buildConfigurations = (
				637288B229FD8E1A005B95E5 /* Debug */,
				637288B329FD8E1A005B95E5 /* Release */,
			);
			defaultConfigurationIsVisible = 0;
			defaultConfigurationName = Release;
		};
		637288B429FD8E1A005B95E5 /* Build configuration list for PBXNativeTarget "WattTests" */ = {
			isa = XCConfigurationList;
			buildConfigurations = (
				637288B529FD8E1A005B95E5 /* Debug */,
				637288B629FD8E1A005B95E5 /* Release */,
			);
			defaultConfigurationIsVisible = 0;
			defaultConfigurationName = Release;
		};
		637288B729FD8E1A005B95E5 /* Build configuration list for PBXNativeTarget "WattUITests" */ = {
			isa = XCConfigurationList;
			buildConfigurations = (
				637288B829FD8E1A005B95E5 /* Debug */,
				637288B929FD8E1A005B95E5 /* Release */,
			);
			defaultConfigurationIsVisible = 0;
			defaultConfigurationName = Release;
		};
/* End XCConfigurationList section */

/* Begin XCRemoteSwiftPackageReference section */
		63F30E652AA90012009929F7 /* XCRemoteSwiftPackageReference "tree-sitter" */ = {
			isa = XCRemoteSwiftPackageReference;
			repositoryURL = "https://github.com/simonbs/tree-sitter";
			requirement = {
				kind = exactVersion;
				version = "0.20.9-beta-1";
			};
		};
/* End XCRemoteSwiftPackageReference section */

/* Begin XCSwiftPackageProductDependency section */
		63F30E662AA90012009929F7 /* TreeSitter */ = {
			isa = XCSwiftPackageProductDependency;
			package = 63F30E652AA90012009929F7 /* XCRemoteSwiftPackageReference "tree-sitter" */;
			productName = TreeSitter;
		};
/* End XCSwiftPackageProductDependency section */
	};
	rootObject = 6372888029FD8E19005B95E5 /* Project object */;
}
